// !$*UTF8*$!
{
	archiveVersion = 1;
	classes = {
	};
	objectVersion = 56;
	objects = {

/* Begin PBXBuildFile section */
		1D1BADD61E57A214DB052DC6 /* Pods_MoodApp.framework in Frameworks */ = {isa = PBXBuildFile; fileRef = 9B4F6E2D7AB1713D2F9253EE /* Pods_MoodApp.framework */; };
		5B07423B2A39AC71008F4C3D /* AppDelegate.swift in Sources */ = {isa = PBXBuildFile; fileRef = 5B07423A2A39AC71008F4C3D /* AppDelegate.swift */; };
		5B07423D2A39AC71008F4C3D /* SceneDelegate.swift in Sources */ = {isa = PBXBuildFile; fileRef = 5B07423C2A39AC71008F4C3D /* SceneDelegate.swift */; };
		5B07423F2A39AC71008F4C3D /* HomeViewController.swift in Sources */ = {isa = PBXBuildFile; fileRef = 5B07423E2A39AC71008F4C3D /* HomeViewController.swift */; };
		5B0742422A39AC71008F4C3D /* Main.storyboard in Resources */ = {isa = PBXBuildFile; fileRef = 5B0742402A39AC71008F4C3D /* Main.storyboard */; };
		5B0742442A39AC72008F4C3D /* Assets.xcassets in Resources */ = {isa = PBXBuildFile; fileRef = 5B0742432A39AC72008F4C3D /* Assets.xcassets */; };
		5B0742472A39AC72008F4C3D /* LaunchScreen.storyboard in Resources */ = {isa = PBXBuildFile; fileRef = 5B0742452A39AC72008F4C3D /* LaunchScreen.storyboard */; };
		5B0742512A3AA87E008F4C3D /* TabBarViewController.swift in Sources */ = {isa = PBXBuildFile; fileRef = 5B0742502A3AA87E008F4C3D /* TabBarViewController.swift */; };
		5B0742552A3AAD2A008F4C3D /* UIColor+Extension.swift in Sources */ = {isa = PBXBuildFile; fileRef = 5B0742542A3AAD2A008F4C3D /* UIColor+Extension.swift */; };
		5B0742572A3AAD44008F4C3D /* UIFont+Extension.swift in Sources */ = {isa = PBXBuildFile; fileRef = 5B0742562A3AAD44008F4C3D /* UIFont+Extension.swift */; };
/* End PBXBuildFile section */

/* Begin PBXFileReference section */
		5B0742372A39AC71008F4C3D /* MoodApp.app */ = {isa = PBXFileReference; explicitFileType = wrapper.application; includeInIndex = 0; path = MoodApp.app; sourceTree = BUILT_PRODUCTS_DIR; };
		5B07423A2A39AC71008F4C3D /* AppDelegate.swift */ = {isa = PBXFileReference; lastKnownFileType = sourcecode.swift; path = AppDelegate.swift; sourceTree = "<group>"; };
		5B07423C2A39AC71008F4C3D /* SceneDelegate.swift */ = {isa = PBXFileReference; lastKnownFileType = sourcecode.swift; path = SceneDelegate.swift; sourceTree = "<group>"; };
		5B07423E2A39AC71008F4C3D /* HomeViewController.swift */ = {isa = PBXFileReference; lastKnownFileType = sourcecode.swift; path = HomeViewController.swift; sourceTree = "<group>"; };
		5B0742412A39AC71008F4C3D /* Base */ = {isa = PBXFileReference; lastKnownFileType = file.storyboard; name = Base; path = Base.lproj/Main.storyboard; sourceTree = "<group>"; };
		5B0742432A39AC72008F4C3D /* Assets.xcassets */ = {isa = PBXFileReference; lastKnownFileType = folder.assetcatalog; path = Assets.xcassets; sourceTree = "<group>"; };
		5B0742462A39AC72008F4C3D /* Base */ = {isa = PBXFileReference; lastKnownFileType = file.storyboard; name = Base; path = Base.lproj/LaunchScreen.storyboard; sourceTree = "<group>"; };
		5B0742482A39AC72008F4C3D /* Info.plist */ = {isa = PBXFileReference; lastKnownFileType = text.plist.xml; path = Info.plist; sourceTree = "<group>"; };
		5B0742502A3AA87E008F4C3D /* TabBarViewController.swift */ = {isa = PBXFileReference; lastKnownFileType = sourcecode.swift; path = TabBarViewController.swift; sourceTree = "<group>"; };
		5B0742542A3AAD2A008F4C3D /* UIColor+Extension.swift */ = {isa = PBXFileReference; lastKnownFileType = sourcecode.swift; path = "UIColor+Extension.swift"; sourceTree = "<group>"; };
		5B0742562A3AAD44008F4C3D /* UIFont+Extension.swift */ = {isa = PBXFileReference; lastKnownFileType = sourcecode.swift; path = "UIFont+Extension.swift"; sourceTree = "<group>"; };
		71D0CDE8FC8EAF1A3D7DE044 /* Pods-MoodApp.debug.xcconfig */ = {isa = PBXFileReference; includeInIndex = 1; lastKnownFileType = text.xcconfig; name = "Pods-MoodApp.debug.xcconfig"; path = "Target Support Files/Pods-MoodApp/Pods-MoodApp.debug.xcconfig"; sourceTree = "<group>"; };
		9B4F6E2D7AB1713D2F9253EE /* Pods_MoodApp.framework */ = {isa = PBXFileReference; explicitFileType = wrapper.framework; includeInIndex = 0; path = Pods_MoodApp.framework; sourceTree = BUILT_PRODUCTS_DIR; };
		CA0A45F6B523BC2A73B48C0E /* Pods-MoodApp.release.xcconfig */ = {isa = PBXFileReference; includeInIndex = 1; lastKnownFileType = text.xcconfig; name = "Pods-MoodApp.release.xcconfig"; path = "Target Support Files/Pods-MoodApp/Pods-MoodApp.release.xcconfig"; sourceTree = "<group>"; };
/* End PBXFileReference section */

/* Begin PBXFrameworksBuildPhase section */
		5B0742342A39AC71008F4C3D /* Frameworks */ = {
			isa = PBXFrameworksBuildPhase;
			buildActionMask = 2147483647;
			files = (
				1D1BADD61E57A214DB052DC6 /* Pods_MoodApp.framework in Frameworks */,
			);
			runOnlyForDeploymentPostprocessing = 0;
		};
/* End PBXFrameworksBuildPhase section */

/* Begin PBXGroup section */
		38D8090ABE8BE34934B58152 /* Frameworks */ = {
			isa = PBXGroup;
			children = (
				9B4F6E2D7AB1713D2F9253EE /* Pods_MoodApp.framework */,
			);
			name = Frameworks;
			sourceTree = "<group>";
		};
		5B07422E2A39AC71008F4C3D = {
			isa = PBXGroup;
			children = (
				5B0742392A39AC71008F4C3D /* MoodApp */,
				5B0742382A39AC71008F4C3D /* Products */,
				D94C7DEF15C338EDC4255E4F /* Pods */,
				38D8090ABE8BE34934B58152 /* Frameworks */,
			);
			sourceTree = "<group>";
		};
		5B0742382A39AC71008F4C3D /* Products */ = {
			isa = PBXGroup;
			children = (
				5B0742372A39AC71008F4C3D /* MoodApp.app */,
			);
			name = Products;
			sourceTree = "<group>";
		};
		5B0742392A39AC71008F4C3D /* MoodApp */ = {
			isa = PBXGroup;
			children = (
				5B0742532A3AACFD008F4C3D /* Extensions */,
				5B0742522A3AA885008F4C3D /* ViewController */,
				5B07423A2A39AC71008F4C3D /* AppDelegate.swift */,
				5B07423C2A39AC71008F4C3D /* SceneDelegate.swift */,
				5B0742402A39AC71008F4C3D /* Main.storyboard */,
				5B0742432A39AC72008F4C3D /* Assets.xcassets */,
				5B0742452A39AC72008F4C3D /* LaunchScreen.storyboard */,
				5B0742482A39AC72008F4C3D /* Info.plist */,
			);
			path = MoodApp;
			sourceTree = "<group>";
		};
		5B0742522A3AA885008F4C3D /* ViewController */ = {
			isa = PBXGroup;
			children = (
				5B0742502A3AA87E008F4C3D /* TabBarViewController.swift */,
				5B07423E2A39AC71008F4C3D /* HomeViewController.swift */,
			);
			path = ViewController;
			sourceTree = "<group>";
		};
		5B0742532A3AACFD008F4C3D /* Extensions */ = {
			isa = PBXGroup;
			children = (
				5B0742542A3AAD2A008F4C3D /* UIColor+Extension.swift */,
				5B0742562A3AAD44008F4C3D /* UIFont+Extension.swift */,
			);
			path = Extensions;
			sourceTree = "<group>";
		};
		D94C7DEF15C338EDC4255E4F /* Pods */ = {
			isa = PBXGroup;
			children = (
				71D0CDE8FC8EAF1A3D7DE044 /* Pods-MoodApp.debug.xcconfig */,
				CA0A45F6B523BC2A73B48C0E /* Pods-MoodApp.release.xcconfig */,
			);
			path = Pods;
			sourceTree = "<group>";
		};
/* End PBXGroup section */

/* Begin PBXNativeTarget section */
		5B0742362A39AC71008F4C3D /* MoodApp */ = {
			isa = PBXNativeTarget;
			buildConfigurationList = 5B07424B2A39AC72008F4C3D /* Build configuration list for PBXNativeTarget "MoodApp" */;
			buildPhases = (
				95C9945BCBC2F8903331CA19 /* [CP] Check Pods Manifest.lock */,
				5B0742332A39AC71008F4C3D /* Sources */,
				5B0742342A39AC71008F4C3D /* Frameworks */,
				5B0742352A39AC71008F4C3D /* Resources */,
				719C3880AF951705BEF1CF50 /* [CP] Embed Pods Frameworks */,
				5B07424F2A39F6C9008F4C3D /* ShellScript */,
			);
			buildRules = (
			);
			dependencies = (
			);
			name = MoodApp;
			productName = MoodApp;
			productReference = 5B0742372A39AC71008F4C3D /* MoodApp.app */;
			productType = "com.apple.product-type.application";
		};
/* End PBXNativeTarget section */

/* Begin PBXProject section */
		5B07422F2A39AC71008F4C3D /* Project object */ = {
			isa = PBXProject;
			attributes = {
				BuildIndependentTargetsInParallel = 1;
				LastSwiftUpdateCheck = 1420;
				LastUpgradeCheck = 1420;
				TargetAttributes = {
					5B0742362A39AC71008F4C3D = {
						CreatedOnToolsVersion = 14.2;
					};
				};
			};
			buildConfigurationList = 5B0742322A39AC71008F4C3D /* Build configuration list for PBXProject "MoodApp" */;
			compatibilityVersion = "Xcode 14.0";
			developmentRegion = en;
			hasScannedForEncodings = 0;
			knownRegions = (
				en,
				Base,
			);
			mainGroup = 5B07422E2A39AC71008F4C3D;
			productRefGroup = 5B0742382A39AC71008F4C3D /* Products */;
			projectDirPath = "";
			projectRoot = "";
			targets = (
				5B0742362A39AC71008F4C3D /* MoodApp */,
			);
		};
/* End PBXProject section */

/* Begin PBXResourcesBuildPhase section */
		5B0742352A39AC71008F4C3D /* Resources */ = {
			isa = PBXResourcesBuildPhase;
			buildActionMask = 2147483647;
			files = (
				5B0742472A39AC72008F4C3D /* LaunchScreen.storyboard in Resources */,
				5B0742442A39AC72008F4C3D /* Assets.xcassets in Resources */,
				5B0742422A39AC71008F4C3D /* Main.storyboard in Resources */,
			);
			runOnlyForDeploymentPostprocessing = 0;
		};
/* End PBXResourcesBuildPhase section */

/* Begin PBXShellScriptBuildPhase section */
		5B07424F2A39F6C9008F4C3D /* ShellScript */ = {
			isa = PBXShellScriptBuildPhase;
			buildActionMask = 2147483647;
			files = (
			);
			inputFileListPaths = (
			);
			inputPaths = (
			);
			outputFileListPaths = (
			);
			outputPaths = (
			);
			runOnlyForDeploymentPostprocessing = 0;
			shellPath = /bin/sh;
			shellScript = "# Type a script or drag a script file from your workspace to insert its path.\n\"${PODS_ROOT}/SwiftLint/swiftlint\"\n";
		};
		719C3880AF951705BEF1CF50 /* [CP] Embed Pods Frameworks */ = {
			isa = PBXShellScriptBuildPhase;
			buildActionMask = 2147483647;
			files = (
			);
			inputFileListPaths = (
				"${PODS_ROOT}/Target Support Files/Pods-MoodApp/Pods-MoodApp-frameworks-${CONFIGURATION}-input-files.xcfilelist",
			);
			name = "[CP] Embed Pods Frameworks";
			outputFileListPaths = (
				"${PODS_ROOT}/Target Support Files/Pods-MoodApp/Pods-MoodApp-frameworks-${CONFIGURATION}-output-files.xcfilelist",
			);
			runOnlyForDeploymentPostprocessing = 0;
			shellPath = /bin/sh;
			shellScript = "\"${PODS_ROOT}/Target Support Files/Pods-MoodApp/Pods-MoodApp-frameworks.sh\"\n";
			showEnvVarsInLog = 0;
		};
		95C9945BCBC2F8903331CA19 /* [CP] Check Pods Manifest.lock */ = {
			isa = PBXShellScriptBuildPhase;
			buildActionMask = 2147483647;
			files = (
			);
			inputFileListPaths = (
			);
			inputPaths = (
				"${PODS_PODFILE_DIR_PATH}/Podfile.lock",
				"${PODS_ROOT}/Manifest.lock",
			);
			name = "[CP] Check Pods Manifest.lock";
			outputFileListPaths = (
			);
			outputPaths = (
				"$(DERIVED_FILE_DIR)/Pods-MoodApp-checkManifestLockResult.txt",
			);
			runOnlyForDeploymentPostprocessing = 0;
			shellPath = /bin/sh;
			shellScript = "diff \"${PODS_PODFILE_DIR_PATH}/Podfile.lock\" \"${PODS_ROOT}/Manifest.lock\" > /dev/null\nif [ $? != 0 ] ; then\n    # print error to STDERR\n    echo \"error: The sandbox is not in sync with the Podfile.lock. Run 'pod install' or update your CocoaPods installation.\" >&2\n    exit 1\nfi\n# This output is used by Xcode 'outputs' to avoid re-running this script phase.\necho \"SUCCESS\" > \"${SCRIPT_OUTPUT_FILE_0}\"\n";
			showEnvVarsInLog = 0;
		};
/* End PBXShellScriptBuildPhase section */

/* Begin PBXSourcesBuildPhase section */
		5B0742332A39AC71008F4C3D /* Sources */ = {
			isa = PBXSourcesBuildPhase;
			buildActionMask = 2147483647;
			files = (
				5B0742572A3AAD44008F4C3D /* UIFont+Extension.swift in Sources */,
				5B0742512A3AA87E008F4C3D /* TabBarViewController.swift in Sources */,
				5B07423F2A39AC71008F4C3D /* HomeViewController.swift in Sources */,
				5B07423B2A39AC71008F4C3D /* AppDelegate.swift in Sources */,
				5B07423D2A39AC71008F4C3D /* SceneDelegate.swift in Sources */,
				5B0742552A3AAD2A008F4C3D /* UIColor+Extension.swift in Sources */,
			);
			runOnlyForDeploymentPostprocessing = 0;
		};
/* End PBXSourcesBuildPhase section */

/* Begin PBXVariantGroup section */
		5B0742402A39AC71008F4C3D /* Main.storyboard */ = {
			isa = PBXVariantGroup;
			children = (
				5B0742412A39AC71008F4C3D /* Base */,
			);
			name = Main.storyboard;
			sourceTree = "<group>";
		};
		5B0742452A39AC72008F4C3D /* LaunchScreen.storyboard */ = {
			isa = PBXVariantGroup;
			children = (
				5B0742462A39AC72008F4C3D /* Base */,
			);
			name = LaunchScreen.storyboard;
			sourceTree = "<group>";
		};
/* End PBXVariantGroup section */

/* Begin XCBuildConfiguration section */
		5B0742492A39AC72008F4C3D /* Debug */ = {
			isa = XCBuildConfiguration;
			buildSettings = {
				ALWAYS_SEARCH_USER_PATHS = NO;
				CLANG_ANALYZER_NONNULL = YES;
				CLANG_ANALYZER_NUMBER_OBJECT_CONVERSION = YES_AGGRESSIVE;
				CLANG_CXX_LANGUAGE_STANDARD = "gnu++20";
				CLANG_ENABLE_MODULES = YES;
				CLANG_ENABLE_OBJC_ARC = YES;
				CLANG_ENABLE_OBJC_WEAK = YES;
				CLANG_WARN_BLOCK_CAPTURE_AUTORELEASING = YES;
				CLANG_WARN_BOOL_CONVERSION = YES;
				CLANG_WARN_COMMA = YES;
				CLANG_WARN_CONSTANT_CONVERSION = YES;
				CLANG_WARN_DEPRECATED_OBJC_IMPLEMENTATIONS = YES;
				CLANG_WARN_DIRECT_OBJC_ISA_USAGE = YES_ERROR;
				CLANG_WARN_DOCUMENTATION_COMMENTS = YES;
				CLANG_WARN_EMPTY_BODY = YES;
				CLANG_WARN_ENUM_CONVERSION = YES;
				CLANG_WARN_INFINITE_RECURSION = YES;
				CLANG_WARN_INT_CONVERSION = YES;
				CLANG_WARN_NON_LITERAL_NULL_CONVERSION = YES;
				CLANG_WARN_OBJC_IMPLICIT_RETAIN_SELF = YES;
				CLANG_WARN_OBJC_LITERAL_CONVERSION = YES;
				CLANG_WARN_OBJC_ROOT_CLASS = YES_ERROR;
				CLANG_WARN_QUOTED_INCLUDE_IN_FRAMEWORK_HEADER = YES;
				CLANG_WARN_RANGE_LOOP_ANALYSIS = YES;
				CLANG_WARN_STRICT_PROTOTYPES = YES;
				CLANG_WARN_SUSPICIOUS_MOVE = YES;
				CLANG_WARN_UNGUARDED_AVAILABILITY = YES_AGGRESSIVE;
				CLANG_WARN_UNREACHABLE_CODE = YES;
				CLANG_WARN__DUPLICATE_METHOD_MATCH = YES;
				COPY_PHASE_STRIP = NO;
				DEBUG_INFORMATION_FORMAT = dwarf;
				ENABLE_STRICT_OBJC_MSGSEND = YES;
				ENABLE_TESTABILITY = YES;
				GCC_C_LANGUAGE_STANDARD = gnu11;
				GCC_DYNAMIC_NO_PIC = NO;
				GCC_NO_COMMON_BLOCKS = YES;
				GCC_OPTIMIZATION_LEVEL = 0;
				GCC_PREPROCESSOR_DEFINITIONS = (
					"DEBUG=1",
					"$(inherited)",
				);
				GCC_WARN_64_TO_32_BIT_CONVERSION = YES;
				GCC_WARN_ABOUT_RETURN_TYPE = YES_ERROR;
				GCC_WARN_UNDECLARED_SELECTOR = YES;
				GCC_WARN_UNINITIALIZED_AUTOS = YES_AGGRESSIVE;
				GCC_WARN_UNUSED_FUNCTION = YES;
				GCC_WARN_UNUSED_VARIABLE = YES;
				IPHONEOS_DEPLOYMENT_TARGET = 16.2;
				MTL_ENABLE_DEBUG_INFO = INCLUDE_SOURCE;
				MTL_FAST_MATH = YES;
				ONLY_ACTIVE_ARCH = YES;
				SDKROOT = iphoneos;
				SWIFT_ACTIVE_COMPILATION_CONDITIONS = DEBUG;
				SWIFT_OPTIMIZATION_LEVEL = "-Onone";
			};
			name = Debug;
		};
		5B07424A2A39AC72008F4C3D /* Release */ = {
			isa = XCBuildConfiguration;
			buildSettings = {
				ALWAYS_SEARCH_USER_PATHS = NO;
				CLANG_ANALYZER_NONNULL = YES;
				CLANG_ANALYZER_NUMBER_OBJECT_CONVERSION = YES_AGGRESSIVE;
				CLANG_CXX_LANGUAGE_STANDARD = "gnu++20";
				CLANG_ENABLE_MODULES = YES;
				CLANG_ENABLE_OBJC_ARC = YES;
				CLANG_ENABLE_OBJC_WEAK = YES;
				CLANG_WARN_BLOCK_CAPTURE_AUTORELEASING = YES;
				CLANG_WARN_BOOL_CONVERSION = YES;
				CLANG_WARN_COMMA = YES;
				CLANG_WARN_CONSTANT_CONVERSION = YES;
				CLANG_WARN_DEPRECATED_OBJC_IMPLEMENTATIONS = YES;
				CLANG_WARN_DIRECT_OBJC_ISA_USAGE = YES_ERROR;
				CLANG_WARN_DOCUMENTATION_COMMENTS = YES;
				CLANG_WARN_EMPTY_BODY = YES;
				CLANG_WARN_ENUM_CONVERSION = YES;
				CLANG_WARN_INFINITE_RECURSION = YES;
				CLANG_WARN_INT_CONVERSION = YES;
				CLANG_WARN_NON_LITERAL_NULL_CONVERSION = YES;
				CLANG_WARN_OBJC_IMPLICIT_RETAIN_SELF = YES;
				CLANG_WARN_OBJC_LITERAL_CONVERSION = YES;
				CLANG_WARN_OBJC_ROOT_CLASS = YES_ERROR;
				CLANG_WARN_QUOTED_INCLUDE_IN_FRAMEWORK_HEADER = YES;
				CLANG_WARN_RANGE_LOOP_ANALYSIS = YES;
				CLANG_WARN_STRICT_PROTOTYPES = YES;
				CLANG_WARN_SUSPICIOUS_MOVE = YES;
				CLANG_WARN_UNGUARDED_AVAILABILITY = YES_AGGRESSIVE;
				CLANG_WARN_UNREACHABLE_CODE = YES;
				CLANG_WARN__DUPLICATE_METHOD_MATCH = YES;
				COPY_PHASE_STRIP = NO;
				DEBUG_INFORMATION_FORMAT = "dwarf-with-dsym";
				ENABLE_NS_ASSERTIONS = NO;
				ENABLE_STRICT_OBJC_MSGSEND = YES;
				GCC_C_LANGUAGE_STANDARD = gnu11;
				GCC_NO_COMMON_BLOCKS = YES;
				GCC_WARN_64_TO_32_BIT_CONVERSION = YES;
				GCC_WARN_ABOUT_RETURN_TYPE = YES_ERROR;
				GCC_WARN_UNDECLARED_SELECTOR = YES;
				GCC_WARN_UNINITIALIZED_AUTOS = YES_AGGRESSIVE;
				GCC_WARN_UNUSED_FUNCTION = YES;
				GCC_WARN_UNUSED_VARIABLE = YES;
				IPHONEOS_DEPLOYMENT_TARGET = 16.2;
				MTL_ENABLE_DEBUG_INFO = NO;
				MTL_FAST_MATH = YES;
				SDKROOT = iphoneos;
				SWIFT_COMPILATION_MODE = wholemodule;
				SWIFT_OPTIMIZATION_LEVEL = "-O";
				VALIDATE_PRODUCT = YES;
			};
			name = Release;
		};
		5B07424C2A39AC72008F4C3D /* Debug */ = {
			isa = XCBuildConfiguration;
			baseConfigurationReference = 71D0CDE8FC8EAF1A3D7DE044 /* Pods-MoodApp.debug.xcconfig */;
			buildSettings = {
				ASSETCATALOG_COMPILER_APPICON_NAME = AppIcon;
				ASSETCATALOG_COMPILER_GLOBAL_ACCENT_COLOR_NAME = AccentColor;
				CODE_SIGN_STYLE = Automatic;
				CURRENT_PROJECT_VERSION = 1;
				DEVELOPMENT_TEAM = 86Q9XSU8XB;
				GENERATE_INFOPLIST_FILE = YES;
				INFOPLIST_FILE = MoodApp/Info.plist;
				INFOPLIST_KEY_UIApplicationSupportsIndirectInputEvents = YES;
				INFOPLIST_KEY_UILaunchStoryboardName = LaunchScreen;
				INFOPLIST_KEY_UIMainStoryboardFile = Main;
				INFOPLIST_KEY_UISupportedInterfaceOrientations_iPad = "UIInterfaceOrientationPortrait UIInterfaceOrientationPortraitUpsideDown UIInterfaceOrientationLandscapeLeft UIInterfaceOrientationLandscapeRight";
				INFOPLIST_KEY_UISupportedInterfaceOrientations_iPhone = "UIInterfaceOrientationPortrait UIInterfaceOrientationLandscapeLeft UIInterfaceOrientationLandscapeRight";
				IPHONEOS_DEPLOYMENT_TARGET = 16.0;
				LD_RUNPATH_SEARCH_PATHS = (
					"$(inherited)",
					"@executable_path/Frameworks",
				);
				MARKETING_VERSION = 1.0;
				PRODUCT_BUNDLE_IDENTIFIER = Janet.MoodApp;
				PRODUCT_NAME = "$(TARGET_NAME)";
				SWIFT_EMIT_LOC_STRINGS = YES;
				SWIFT_VERSION = 5.0;
				TARGETED_DEVICE_FAMILY = "1,2";
			};
			name = Debug;
		};
		5B07424D2A39AC72008F4C3D /* Release */ = {
			isa = XCBuildConfiguration;
			baseConfigurationReference = CA0A45F6B523BC2A73B48C0E /* Pods-MoodApp.release.xcconfig */;
			buildSettings = {
				ASSETCATALOG_COMPILER_APPICON_NAME = AppIcon;
				ASSETCATALOG_COMPILER_GLOBAL_ACCENT_COLOR_NAME = AccentColor;
				CODE_SIGN_STYLE = Automatic;
				CURRENT_PROJECT_VERSION = 1;
				DEVELOPMENT_TEAM = 86Q9XSU8XB;
				GENERATE_INFOPLIST_FILE = YES;
				INFOPLIST_FILE = MoodApp/Info.plist;
				INFOPLIST_KEY_UIApplicationSupportsIndirectInputEvents = YES;
				INFOPLIST_KEY_UILaunchStoryboardName = LaunchScreen;
				INFOPLIST_KEY_UIMainStoryboardFile = Main;
				INFOPLIST_KEY_UISupportedInterfaceOrientations_iPad = "UIInterfaceOrientationPortrait UIInterfaceOrientationPortraitUpsideDown UIInterfaceOrientationLandscapeLeft UIInterfaceOrientationLandscapeRight";
				INFOPLIST_KEY_UISupportedInterfaceOrientations_iPhone = "UIInterfaceOrientationPortrait UIInterfaceOrientationLandscapeLeft UIInterfaceOrientationLandscapeRight";
				IPHONEOS_DEPLOYMENT_TARGET = 16.0;
				LD_RUNPATH_SEARCH_PATHS = (
					"$(inherited)",
					"@executable_path/Frameworks",
				);
				MARKETING_VERSION = 1.0;
				PRODUCT_BUNDLE_IDENTIFIER = Janet.MoodApp;
				PRODUCT_NAME = "$(TARGET_NAME)";
				SWIFT_EMIT_LOC_STRINGS = YES;
				SWIFT_VERSION = 5.0;
				TARGETED_DEVICE_FAMILY = "1,2";
			};
			name = Release;
		};
/* End XCBuildConfiguration section */

/* Begin XCConfigurationList section */
		5B0742322A39AC71008F4C3D /* Build configuration list for PBXProject "MoodApp" */ = {
			isa = XCConfigurationList;
			buildConfigurations = (
				5B0742492A39AC72008F4C3D /* Debug */,
				5B07424A2A39AC72008F4C3D /* Release */,
			);
			defaultConfigurationIsVisible = 0;
			defaultConfigurationName = Release;
		};
		5B07424B2A39AC72008F4C3D /* Build configuration list for PBXNativeTarget "MoodApp" */ = {
			isa = XCConfigurationList;
			buildConfigurations = (
				5B07424C2A39AC72008F4C3D /* Debug */,
				5B07424D2A39AC72008F4C3D /* Release */,
			);
			defaultConfigurationIsVisible = 0;
			defaultConfigurationName = Release;
		};
/* End XCConfigurationList section */
	};
	rootObject = 5B07422F2A39AC71008F4C3D /* Project object */;
}
