// !$*UTF8*$!
{
	archiveVersion = 1;
	classes = {
	};
	objectVersion = 56;
	objects = {

/* Begin PBXBuildFile section */
		1D1BADD61E57A214DB052DC6 /* Pods_MoodApp.framework in Frameworks */ = {isa = PBXBuildFile; fileRef = 9B4F6E2D7AB1713D2F9253EE /* Pods_MoodApp.framework */; };
		5B07423B2A39AC71008F4C3D /* AppDelegate.swift in Sources */ = {isa = PBXBuildFile; fileRef = 5B07423A2A39AC71008F4C3D /* AppDelegate.swift */; };
		5B07423D2A39AC71008F4C3D /* SceneDelegate.swift in Sources */ = {isa = PBXBuildFile; fileRef = 5B07423C2A39AC71008F4C3D /* SceneDelegate.swift */; };
		5B07423F2A39AC71008F4C3D /* HomeViewController.swift in Sources */ = {isa = PBXBuildFile; fileRef = 5B07423E2A39AC71008F4C3D /* HomeViewController.swift */; };
		5B0742422A39AC71008F4C3D /* Main.storyboard in Resources */ = {isa = PBXBuildFile; fileRef = 5B0742402A39AC71008F4C3D /* Main.storyboard */; };
		5B0742442A39AC72008F4C3D /* Assets.xcassets in Resources */ = {isa = PBXBuildFile; fileRef = 5B0742432A39AC72008F4C3D /* Assets.xcassets */; };
		5B0742472A39AC72008F4C3D /* LaunchScreen.storyboard in Resources */ = {isa = PBXBuildFile; fileRef = 5B0742452A39AC72008F4C3D /* LaunchScreen.storyboard */; };
		5B0742512A3AA87E008F4C3D /* TabBarViewController.swift in Sources */ = {isa = PBXBuildFile; fileRef = 5B0742502A3AA87E008F4C3D /* TabBarViewController.swift */; };
		5B0742552A3AAD2A008F4C3D /* UIColor+Extension.swift in Sources */ = {isa = PBXBuildFile; fileRef = 5B0742542A3AAD2A008F4C3D /* UIColor+Extension.swift */; };
		5B0742572A3AAD44008F4C3D /* UIFont+Extension.swift in Sources */ = {isa = PBXBuildFile; fileRef = 5B0742562A3AAD44008F4C3D /* UIFont+Extension.swift */; };
		5B0742592A3C0ED8008F4C3D /* NewPageViewController.swift in Sources */ = {isa = PBXBuildFile; fileRef = 5B0742582A3C0ED8008F4C3D /* NewPageViewController.swift */; };
		5B07425C2A3C1E12008F4C3D /* NewPageCell.swift in Sources */ = {isa = PBXBuildFile; fileRef = 5B07425B2A3C1E12008F4C3D /* NewPageCell.swift */; };
		5B07425E2A3C69C9008F4C3D /* NewPagePhotoCell.swift in Sources */ = {isa = PBXBuildFile; fileRef = 5B07425D2A3C69C9008F4C3D /* NewPagePhotoCell.swift */; };
		5B0742662A3EBD62008F4C3D /* GoogleService-Info.plist in Resources */ = {isa = PBXBuildFile; fileRef = 5B0742652A3EBD62008F4C3D /* GoogleService-Info.plist */; };
		5B0742692A3EC348008F4C3D /* Articles.swift in Sources */ = {isa = PBXBuildFile; fileRef = 5B0742682A3EC348008F4C3D /* Articles.swift */; };
		5B07426C2A3EC5AF008F4C3D /* FireStoreManager.swift in Sources */ = {isa = PBXBuildFile; fileRef = 5B07426B2A3EC5AF008F4C3D /* FireStoreManager.swift */; };
		5B07426F2A3EFD72008F4C3D /* SleepContentView.swift in Sources */ = {isa = PBXBuildFile; fileRef = 5B07426E2A3EFD72008F4C3D /* SleepContentView.swift */; };
		5B0742712A3F4259008F4C3D /* FireBaseStorageManager.swift in Sources */ = {isa = PBXBuildFile; fileRef = 5B0742702A3F4259008F4C3D /* FireBaseStorageManager.swift */; };
		5B0742732A41876C008F4C3D /* StatisticsViewController.swift in Sources */ = {isa = PBXBuildFile; fileRef = 5B0742722A41876C008F4C3D /* StatisticsViewController.swift */; };
		5B0742752A419C6E008F4C3D /* MoodFlowCell.swift in Sources */ = {isa = PBXBuildFile; fileRef = 5B0742742A419C6E008F4C3D /* MoodFlowCell.swift */; };
		5B0742772A419CAD008F4C3D /* SleepAnalysisCell.swift in Sources */ = {isa = PBXBuildFile; fileRef = 5B0742762A419CAD008F4C3D /* SleepAnalysisCell.swift */; };
		5B0742792A42A944008F4C3D /* LookBackViewController.swift in Sources */ = {isa = PBXBuildFile; fileRef = 5B0742782A42A943008F4C3D /* LookBackViewController.swift */; };
		5B07427B2A42B79C008F4C3D /* SettingsViewController.swift in Sources */ = {isa = PBXBuildFile; fileRef = 5B07427A2A42B79C008F4C3D /* SettingsViewController.swift */; };
		5B07427D2A42D6D6008F4C3D /* SettingsCell.swift in Sources */ = {isa = PBXBuildFile; fileRef = 5B07427C2A42D6D6008F4C3D /* SettingsCell.swift */; };
		5B07427F2A440715008F4C3D /* KingFisherWrapper.swift in Sources */ = {isa = PBXBuildFile; fileRef = 5B07427E2A440715008F4C3D /* KingFisherWrapper.swift */; };
		5B0742812A4455F8008F4C3D /* MoodContentView.swift in Sources */ = {isa = PBXBuildFile; fileRef = 5B0742802A4455F8008F4C3D /* MoodContentView.swift */; };
		5B0742832A45EE7E008F4C3D /* SleepBarChartView.swift in Sources */ = {isa = PBXBuildFile; fileRef = 5B0742822A45EE7E008F4C3D /* SleepBarChartView.swift */; };
		5B07428A2A4811BB008F4C3D /* Intents.framework in Frameworks */ = {isa = PBXBuildFile; fileRef = 5B0742892A4811BB008F4C3D /* Intents.framework */; };
		5B07428D2A4811BB008F4C3D /* IntentHandler.swift in Sources */ = {isa = PBXBuildFile; fileRef = 5B07428C2A4811BB008F4C3D /* IntentHandler.swift */; };
		5B0742952A4811BB008F4C3D /* IntentsUI.framework in Frameworks */ = {isa = PBXBuildFile; fileRef = 5B0742942A4811BB008F4C3D /* IntentsUI.framework */; };
		5B0742982A4811BB008F4C3D /* IntentViewController.swift in Sources */ = {isa = PBXBuildFile; fileRef = 5B0742972A4811BB008F4C3D /* IntentViewController.swift */; };
		5B07429B2A4811BB008F4C3D /* MainInterface.storyboard in Resources */ = {isa = PBXBuildFile; fileRef = 5B0742992A4811BB008F4C3D /* MainInterface.storyboard */; };
		5B07429F2A4811BB008F4C3D /* IntentsHandlerUI.appex in Embed Foundation Extensions */ = {isa = PBXBuildFile; fileRef = 5B0742932A4811BB008F4C3D /* IntentsHandlerUI.appex */; settings = {ATTRIBUTES = (RemoveHeadersOnCopy, ); }; };
		5B0742A22A4811BB008F4C3D /* IntentsHandler.appex in Embed Foundation Extensions */ = {isa = PBXBuildFile; fileRef = 5B0742882A4811BB008F4C3D /* IntentsHandler.appex */; settings = {ATTRIBUTES = (RemoveHeadersOnCopy, ); }; };
		5B0742AB2A481823008F4C3D /* SiriIntents.intentdefinition in Sources */ = {isa = PBXBuildFile; fileRef = 5B0742AA2A481822008F4C3D /* SiriIntents.intentdefinition */; };
		5B0742AD2A481E6F008F4C3D /* RecordMoodIntentHandler.swift in Sources */ = {isa = PBXBuildFile; fileRef = 5B0742AC2A481E6F008F4C3D /* RecordMoodIntentHandler.swift */; };
		5B0742AE2A4824E6008F4C3D /* SiriIntents.intentdefinition in Sources */ = {isa = PBXBuildFile; fileRef = 5B0742AA2A481822008F4C3D /* SiriIntents.intentdefinition */; };
		5B0742AF2A4824E6008F4C3D /* SiriIntents.intentdefinition in Sources */ = {isa = PBXBuildFile; fileRef = 5B0742AA2A481822008F4C3D /* SiriIntents.intentdefinition */; };
		5B0742B02A4825C3008F4C3D /* RecordMoodIntentHandler.swift in Sources */ = {isa = PBXBuildFile; fileRef = 5B0742AC2A481E6F008F4C3D /* RecordMoodIntentHandler.swift */; };
		5B0742B12A4825C3008F4C3D /* RecordMoodIntentHandler.swift in Sources */ = {isa = PBXBuildFile; fileRef = 5B0742AC2A481E6F008F4C3D /* RecordMoodIntentHandler.swift */; };
		5B0742D12A487611008F4C3D /* IntentsFireStoreManager.swift in Sources */ = {isa = PBXBuildFile; fileRef = 5B0742D02A487611008F4C3D /* IntentsFireStoreManager.swift */; };
		5B0742D32A4876C3008F4C3D /* IntentsUIFireStoreManager.swift in Sources */ = {isa = PBXBuildFile; fileRef = 5B0742D22A4876C3008F4C3D /* IntentsUIFireStoreManager.swift */; };
		5B0742D52A4876E0008F4C3D /* IntentsArticles.swift in Sources */ = {isa = PBXBuildFile; fileRef = 5B0742D42A4876E0008F4C3D /* IntentsArticles.swift */; };
		5B0742D72A4876FD008F4C3D /* IntentsUIArticles.swift in Sources */ = {isa = PBXBuildFile; fileRef = 5B0742D62A4876FD008F4C3D /* IntentsUIArticles.swift */; };
		5B0742E22A487C7F008F4C3D /* FireStoreManager.swift in Sources */ = {isa = PBXBuildFile; fileRef = 5B07426B2A3EC5AF008F4C3D /* FireStoreManager.swift */; };
		5B0742E32A487C80008F4C3D /* FireStoreManager.swift in Sources */ = {isa = PBXBuildFile; fileRef = 5B07426B2A3EC5AF008F4C3D /* FireStoreManager.swift */; };
		5B0742E42A487C8D008F4C3D /* Articles.swift in Sources */ = {isa = PBXBuildFile; fileRef = 5B0742682A3EC348008F4C3D /* Articles.swift */; };
		5B0742E52A487C8E008F4C3D /* Articles.swift in Sources */ = {isa = PBXBuildFile; fileRef = 5B0742682A3EC348008F4C3D /* Articles.swift */; };
		5B0742E72A49D19A008F4C3D /* LoginPageViewController.swift in Sources */ = {isa = PBXBuildFile; fileRef = 5B0742E62A49D19A008F4C3D /* LoginPageViewController.swift */; };
		5B0742E92A49E493008F4C3D /* PasswordViewController.swift in Sources */ = {isa = PBXBuildFile; fileRef = 5B0742E82A49E493008F4C3D /* PasswordViewController.swift */; };
		5B0743002A4AB0D7008F4C3D /* StorageManager.swift in Sources */ = {isa = PBXBuildFile; fileRef = 5B0742FF2A4AB0D7008F4C3D /* StorageManager.swift */; };
		5B0743072A4B2404008F4C3D /* PersonalInfoModel.xcdatamodeld in Sources */ = {isa = PBXBuildFile; fileRef = 5B0743052A4B2404008F4C3D /* PersonalInfoModel.xcdatamodeld */; };
		5B07430E2A4B6AA5008F4C3D /* GoogleService-Info.plist in Resources */ = {isa = PBXBuildFile; fileRef = 5B0742652A3EBD62008F4C3D /* GoogleService-Info.plist */; };
		5B07430F2A4B6AAF008F4C3D /* GoogleService-Info.plist in Resources */ = {isa = PBXBuildFile; fileRef = 5B0742652A3EBD62008F4C3D /* GoogleService-Info.plist */; };
		5BCF3EB82A56B62C0004F4A4 /* LookBackTestViewController.swift in Sources */ = {isa = PBXBuildFile; fileRef = 5BCF3EB72A56B62C0004F4A4 /* LookBackTestViewController.swift */; };
		5BCF3EBA2A5AE4C30004F4A4 /* FaceDetectionManager.swift in Sources */ = {isa = PBXBuildFile; fileRef = 5BCF3EB92A5AE4C30004F4A4 /* FaceDetectionManager.swift */; };
		5BCF3EBC2A5AEB030004F4A4 /* Vision.framework in Frameworks */ = {isa = PBXBuildFile; fileRef = 5BCF3EBB2A5AEB030004F4A4 /* Vision.framework */; };
		5BCF3EC92A5BB5110004F4A4 /* PersonalInfo+CoreDataClass.swift in Sources */ = {isa = PBXBuildFile; fileRef = 5BCF3EC72A5BB5110004F4A4 /* PersonalInfo+CoreDataClass.swift */; };
		5BCF3ECA2A5BB5110004F4A4 /* PersonalInfo+CoreDataProperties.swift in Sources */ = {isa = PBXBuildFile; fileRef = 5BCF3EC82A5BB5110004F4A4 /* PersonalInfo+CoreDataProperties.swift */; };
		5BCF3ECB2A5BBA2D0004F4A4 /* PersonalInfo+CoreDataProperties.swift in Sources */ = {isa = PBXBuildFile; fileRef = 5BCF3EC82A5BB5110004F4A4 /* PersonalInfo+CoreDataProperties.swift */; };
		5BCF3ECC2A5BBA2D0004F4A4 /* PersonalInfo+CoreDataProperties.swift in Sources */ = {isa = PBXBuildFile; fileRef = 5BCF3EC82A5BB5110004F4A4 /* PersonalInfo+CoreDataProperties.swift */; };
		5BCF3ECD2A5BBA300004F4A4 /* PersonalInfo+CoreDataClass.swift in Sources */ = {isa = PBXBuildFile; fileRef = 5BCF3EC72A5BB5110004F4A4 /* PersonalInfo+CoreDataClass.swift */; };
		5BCF3ECE2A5BBA310004F4A4 /* PersonalInfo+CoreDataClass.swift in Sources */ = {isa = PBXBuildFile; fileRef = 5BCF3EC72A5BB5110004F4A4 /* PersonalInfo+CoreDataClass.swift */; };
		5BCF3ED02A5BDA750004F4A4 /* LaunchViewController.swift in Sources */ = {isa = PBXBuildFile; fileRef = 5BCF3ECF2A5BDA750004F4A4 /* LaunchViewController.swift */; };
		5BCF3ED62A5FAE880004F4A4 /* UILabel+Extension.swift in Sources */ = {isa = PBXBuildFile; fileRef = 5BCF3ED52A5FAE880004F4A4 /* UILabel+Extension.swift */; };
		5BD4D77F2A4E92BC009E8E89 /* PopUpMonthView.swift in Sources */ = {isa = PBXBuildFile; fileRef = 5BD4D77E2A4E92BC009E8E89 /* PopUpMonthView.swift */; };
		5BD4D7812A4EC466009E8E89 /* PopUpCell.swift in Sources */ = {isa = PBXBuildFile; fileRef = 5BD4D7802A4EC466009E8E89 /* PopUpCell.swift */; };
		5BD4D78F2A526891009E8E89 /* Localizable.strings in Resources */ = {isa = PBXBuildFile; fileRef = 5BD4D7912A526891009E8E89 /* Localizable.strings */; };
		5BD4D7942A52BE03009E8E89 /* LocalizeUtils.swift in Sources */ = {isa = PBXBuildFile; fileRef = 5BD4D7932A52BE03009E8E89 /* LocalizeUtils.swift */; };
		5BD4D7A02A540289009E8E89 /* ContainerView.swift in Sources */ = {isa = PBXBuildFile; fileRef = 5BD4D79F2A540289009E8E89 /* ContainerView.swift */; };
		5BD4D7AD2A546BBB009E8E89 /* StorageManager.swift in Sources */ = {isa = PBXBuildFile; fileRef = 5B0742FF2A4AB0D7008F4C3D /* StorageManager.swift */; };
		5BD4D7AE2A546BBC009E8E89 /* StorageManager.swift in Sources */ = {isa = PBXBuildFile; fileRef = 5B0742FF2A4AB0D7008F4C3D /* StorageManager.swift */; };
		5BD4D7AF2A546C6E009E8E89 /* PersonalInfoModel.xcdatamodeld in Sources */ = {isa = PBXBuildFile; fileRef = 5B0743052A4B2404008F4C3D /* PersonalInfoModel.xcdatamodeld */; };
		5BD4D7B02A546C6E009E8E89 /* PersonalInfoModel.xcdatamodeld in Sources */ = {isa = PBXBuildFile; fileRef = 5B0743052A4B2404008F4C3D /* PersonalInfoModel.xcdatamodeld */; };
		5BD4D7B52A556C12009E8E89 /* LoginContentView.swift in Sources */ = {isa = PBXBuildFile; fileRef = 5BD4D7B42A556C12009E8E89 /* LoginContentView.swift */; };
		ABDA7EE79C834A0F9A58A805 /* Pods_IntentsHandlerUI.framework in Frameworks */ = {isa = PBXBuildFile; fileRef = 28760191C60BCCE33663AF9D /* Pods_IntentsHandlerUI.framework */; };
		F2BF18FFFFFB557E610637D7 /* Pods_IntentsHandler.framework in Frameworks */ = {isa = PBXBuildFile; fileRef = E7A13CE12175C2FDB027BA56 /* Pods_IntentsHandler.framework */; };
/* End PBXBuildFile section */

/* Begin PBXContainerItemProxy section */
		5B07429D2A4811BB008F4C3D /* PBXContainerItemProxy */ = {
			isa = PBXContainerItemProxy;
			containerPortal = 5B07422F2A39AC71008F4C3D /* Project object */;
			proxyType = 1;
			remoteGlobalIDString = 5B0742922A4811BB008F4C3D;
			remoteInfo = IntentsHandlerUI;
		};
		5B0742A02A4811BB008F4C3D /* PBXContainerItemProxy */ = {
			isa = PBXContainerItemProxy;
			containerPortal = 5B07422F2A39AC71008F4C3D /* Project object */;
			proxyType = 1;
			remoteGlobalIDString = 5B0742872A4811BA008F4C3D;
			remoteInfo = IntentsHandler;
		};
/* End PBXContainerItemProxy section */

/* Begin PBXCopyFilesBuildPhase section */
		5B0742A32A4811BB008F4C3D /* Embed Foundation Extensions */ = {
			isa = PBXCopyFilesBuildPhase;
			buildActionMask = 2147483647;
			dstPath = "";
			dstSubfolderSpec = 13;
			files = (
				5B07429F2A4811BB008F4C3D /* IntentsHandlerUI.appex in Embed Foundation Extensions */,
				5B0742A22A4811BB008F4C3D /* IntentsHandler.appex in Embed Foundation Extensions */,
			);
			name = "Embed Foundation Extensions";
			runOnlyForDeploymentPostprocessing = 0;
		};
/* End PBXCopyFilesBuildPhase section */

/* Begin PBXFileReference section */
		074EFFC73DDBEAA4F8CAE989 /* Pods-IntentsHandlerUI.release.xcconfig */ = {isa = PBXFileReference; includeInIndex = 1; lastKnownFileType = text.xcconfig; name = "Pods-IntentsHandlerUI.release.xcconfig"; path = "Target Support Files/Pods-IntentsHandlerUI/Pods-IntentsHandlerUI.release.xcconfig"; sourceTree = "<group>"; };
		28760191C60BCCE33663AF9D /* Pods_IntentsHandlerUI.framework */ = {isa = PBXFileReference; explicitFileType = wrapper.framework; includeInIndex = 0; path = Pods_IntentsHandlerUI.framework; sourceTree = BUILT_PRODUCTS_DIR; };
		3FB99FA6B73753DC3DD34465 /* Pods-IntentsHandler.release.xcconfig */ = {isa = PBXFileReference; includeInIndex = 1; lastKnownFileType = text.xcconfig; name = "Pods-IntentsHandler.release.xcconfig"; path = "Target Support Files/Pods-IntentsHandler/Pods-IntentsHandler.release.xcconfig"; sourceTree = "<group>"; };
		5B0742372A39AC71008F4C3D /* MoodApp.app */ = {isa = PBXFileReference; explicitFileType = wrapper.application; includeInIndex = 0; path = MoodApp.app; sourceTree = BUILT_PRODUCTS_DIR; };
		5B07423A2A39AC71008F4C3D /* AppDelegate.swift */ = {isa = PBXFileReference; lastKnownFileType = sourcecode.swift; path = AppDelegate.swift; sourceTree = "<group>"; };
		5B07423C2A39AC71008F4C3D /* SceneDelegate.swift */ = {isa = PBXFileReference; lastKnownFileType = sourcecode.swift; path = SceneDelegate.swift; sourceTree = "<group>"; };
		5B07423E2A39AC71008F4C3D /* HomeViewController.swift */ = {isa = PBXFileReference; lastKnownFileType = sourcecode.swift; path = HomeViewController.swift; sourceTree = "<group>"; };
		5B0742412A39AC71008F4C3D /* Base */ = {isa = PBXFileReference; lastKnownFileType = file.storyboard; name = Base; path = Base.lproj/Main.storyboard; sourceTree = "<group>"; };
		5B0742432A39AC72008F4C3D /* Assets.xcassets */ = {isa = PBXFileReference; lastKnownFileType = folder.assetcatalog; path = Assets.xcassets; sourceTree = "<group>"; };
		5B0742462A39AC72008F4C3D /* Base */ = {isa = PBXFileReference; lastKnownFileType = file.storyboard; name = Base; path = Base.lproj/LaunchScreen.storyboard; sourceTree = "<group>"; };
		5B0742482A39AC72008F4C3D /* Info.plist */ = {isa = PBXFileReference; lastKnownFileType = text.plist.xml; path = Info.plist; sourceTree = "<group>"; };
		5B0742502A3AA87E008F4C3D /* TabBarViewController.swift */ = {isa = PBXFileReference; lastKnownFileType = sourcecode.swift; path = TabBarViewController.swift; sourceTree = "<group>"; };
		5B0742542A3AAD2A008F4C3D /* UIColor+Extension.swift */ = {isa = PBXFileReference; lastKnownFileType = sourcecode.swift; path = "UIColor+Extension.swift"; sourceTree = "<group>"; };
		5B0742562A3AAD44008F4C3D /* UIFont+Extension.swift */ = {isa = PBXFileReference; lastKnownFileType = sourcecode.swift; path = "UIFont+Extension.swift"; sourceTree = "<group>"; };
		5B0742582A3C0ED8008F4C3D /* NewPageViewController.swift */ = {isa = PBXFileReference; lastKnownFileType = sourcecode.swift; path = NewPageViewController.swift; sourceTree = "<group>"; };
		5B07425B2A3C1E12008F4C3D /* NewPageCell.swift */ = {isa = PBXFileReference; lastKnownFileType = sourcecode.swift; path = NewPageCell.swift; sourceTree = "<group>"; };
		5B07425D2A3C69C9008F4C3D /* NewPagePhotoCell.swift */ = {isa = PBXFileReference; lastKnownFileType = sourcecode.swift; path = NewPagePhotoCell.swift; sourceTree = "<group>"; };
		5B0742652A3EBD62008F4C3D /* GoogleService-Info.plist */ = {isa = PBXFileReference; fileEncoding = 4; lastKnownFileType = text.plist.xml; path = "GoogleService-Info.plist"; sourceTree = "<group>"; };
		5B0742682A3EC348008F4C3D /* Articles.swift */ = {isa = PBXFileReference; lastKnownFileType = sourcecode.swift; path = Articles.swift; sourceTree = "<group>"; };
		5B07426B2A3EC5AF008F4C3D /* FireStoreManager.swift */ = {isa = PBXFileReference; lastKnownFileType = sourcecode.swift; path = FireStoreManager.swift; sourceTree = "<group>"; };
		5B07426E2A3EFD72008F4C3D /* SleepContentView.swift */ = {isa = PBXFileReference; fileEncoding = 4; lastKnownFileType = sourcecode.swift; path = SleepContentView.swift; sourceTree = "<group>"; };
		5B0742702A3F4259008F4C3D /* FireBaseStorageManager.swift */ = {isa = PBXFileReference; lastKnownFileType = sourcecode.swift; path = FireBaseStorageManager.swift; sourceTree = "<group>"; };
		5B0742722A41876C008F4C3D /* StatisticsViewController.swift */ = {isa = PBXFileReference; lastKnownFileType = sourcecode.swift; path = StatisticsViewController.swift; sourceTree = "<group>"; };
		5B0742742A419C6E008F4C3D /* MoodFlowCell.swift */ = {isa = PBXFileReference; lastKnownFileType = sourcecode.swift; path = MoodFlowCell.swift; sourceTree = "<group>"; };
		5B0742762A419CAD008F4C3D /* SleepAnalysisCell.swift */ = {isa = PBXFileReference; lastKnownFileType = sourcecode.swift; path = SleepAnalysisCell.swift; sourceTree = "<group>"; };
		5B0742782A42A943008F4C3D /* LookBackViewController.swift */ = {isa = PBXFileReference; lastKnownFileType = sourcecode.swift; path = LookBackViewController.swift; sourceTree = "<group>"; };
		5B07427A2A42B79C008F4C3D /* SettingsViewController.swift */ = {isa = PBXFileReference; lastKnownFileType = sourcecode.swift; path = SettingsViewController.swift; sourceTree = "<group>"; };
		5B07427C2A42D6D6008F4C3D /* SettingsCell.swift */ = {isa = PBXFileReference; lastKnownFileType = sourcecode.swift; path = SettingsCell.swift; sourceTree = "<group>"; };
		5B07427E2A440715008F4C3D /* KingFisherWrapper.swift */ = {isa = PBXFileReference; lastKnownFileType = sourcecode.swift; path = KingFisherWrapper.swift; sourceTree = "<group>"; };
		5B0742802A4455F8008F4C3D /* MoodContentView.swift */ = {isa = PBXFileReference; lastKnownFileType = sourcecode.swift; path = MoodContentView.swift; sourceTree = "<group>"; };
		5B0742822A45EE7E008F4C3D /* SleepBarChartView.swift */ = {isa = PBXFileReference; lastKnownFileType = sourcecode.swift; path = SleepBarChartView.swift; sourceTree = "<group>"; };
		5B0742882A4811BB008F4C3D /* IntentsHandler.appex */ = {isa = PBXFileReference; explicitFileType = "wrapper.app-extension"; includeInIndex = 0; path = IntentsHandler.appex; sourceTree = BUILT_PRODUCTS_DIR; };
		5B0742892A4811BB008F4C3D /* Intents.framework */ = {isa = PBXFileReference; lastKnownFileType = wrapper.framework; name = Intents.framework; path = System/Library/Frameworks/Intents.framework; sourceTree = SDKROOT; };
		5B07428C2A4811BB008F4C3D /* IntentHandler.swift */ = {isa = PBXFileReference; lastKnownFileType = sourcecode.swift; path = IntentHandler.swift; sourceTree = "<group>"; };
		5B07428E2A4811BB008F4C3D /* Info.plist */ = {isa = PBXFileReference; lastKnownFileType = text.plist.xml; path = Info.plist; sourceTree = "<group>"; };
		5B0742932A4811BB008F4C3D /* IntentsHandlerUI.appex */ = {isa = PBXFileReference; explicitFileType = "wrapper.app-extension"; includeInIndex = 0; path = IntentsHandlerUI.appex; sourceTree = BUILT_PRODUCTS_DIR; };
		5B0742942A4811BB008F4C3D /* IntentsUI.framework */ = {isa = PBXFileReference; lastKnownFileType = wrapper.framework; name = IntentsUI.framework; path = System/Library/Frameworks/IntentsUI.framework; sourceTree = SDKROOT; };
		5B0742972A4811BB008F4C3D /* IntentViewController.swift */ = {isa = PBXFileReference; lastKnownFileType = sourcecode.swift; path = IntentViewController.swift; sourceTree = "<group>"; };
		5B07429A2A4811BB008F4C3D /* Base */ = {isa = PBXFileReference; lastKnownFileType = file.storyboard; name = Base; path = Base.lproj/MainInterface.storyboard; sourceTree = "<group>"; };
		5B07429C2A4811BB008F4C3D /* Info.plist */ = {isa = PBXFileReference; lastKnownFileType = text.plist.xml; path = Info.plist; sourceTree = "<group>"; };
		5B0742AA2A481822008F4C3D /* SiriIntents.intentdefinition */ = {isa = PBXFileReference; lastKnownFileType = file.intentdefinition; path = SiriIntents.intentdefinition; sourceTree = "<group>"; };
		5B0742AC2A481E6F008F4C3D /* RecordMoodIntentHandler.swift */ = {isa = PBXFileReference; lastKnownFileType = sourcecode.swift; path = RecordMoodIntentHandler.swift; sourceTree = "<group>"; };
		5B0742D02A487611008F4C3D /* IntentsFireStoreManager.swift */ = {isa = PBXFileReference; lastKnownFileType = sourcecode.swift; path = IntentsFireStoreManager.swift; sourceTree = "<group>"; };
		5B0742D22A4876C3008F4C3D /* IntentsUIFireStoreManager.swift */ = {isa = PBXFileReference; lastKnownFileType = sourcecode.swift; path = IntentsUIFireStoreManager.swift; sourceTree = "<group>"; };
		5B0742D42A4876E0008F4C3D /* IntentsArticles.swift */ = {isa = PBXFileReference; lastKnownFileType = sourcecode.swift; path = IntentsArticles.swift; sourceTree = "<group>"; };
		5B0742D62A4876FD008F4C3D /* IntentsUIArticles.swift */ = {isa = PBXFileReference; lastKnownFileType = sourcecode.swift; path = IntentsUIArticles.swift; sourceTree = "<group>"; };
		5B0742D82A4878C9008F4C3D /* FirebaseStorage.framework */ = {isa = PBXFileReference; explicitFileType = wrapper.framework; path = FirebaseStorage.framework; sourceTree = BUILT_PRODUCTS_DIR; };
		5B0742DA2A4878DA008F4C3D /* FirebaseFirestore.framework */ = {isa = PBXFileReference; explicitFileType = wrapper.framework; path = FirebaseFirestore.framework; sourceTree = BUILT_PRODUCTS_DIR; };
		5B0742DC2A4878E9008F4C3D /* FirebaseFirestore.framework */ = {isa = PBXFileReference; explicitFileType = wrapper.framework; path = FirebaseFirestore.framework; sourceTree = BUILT_PRODUCTS_DIR; };
		5B0742E62A49D19A008F4C3D /* LoginPageViewController.swift */ = {isa = PBXFileReference; lastKnownFileType = sourcecode.swift; path = LoginPageViewController.swift; sourceTree = "<group>"; };
		5B0742E82A49E493008F4C3D /* PasswordViewController.swift */ = {isa = PBXFileReference; lastKnownFileType = sourcecode.swift; path = PasswordViewController.swift; sourceTree = "<group>"; };
		5B0742FF2A4AB0D7008F4C3D /* StorageManager.swift */ = {isa = PBXFileReference; lastKnownFileType = sourcecode.swift; path = StorageManager.swift; sourceTree = "<group>"; };
		5B0743062A4B2404008F4C3D /* PersonalInfoModel.xcdatamodel */ = {isa = PBXFileReference; lastKnownFileType = wrapper.xcdatamodel; path = PersonalInfoModel.xcdatamodel; sourceTree = "<group>"; };
		5B0743102A4C0256008F4C3D /* MoodAppRelease.entitlements */ = {isa = PBXFileReference; lastKnownFileType = text.plist.entitlements; path = MoodAppRelease.entitlements; sourceTree = "<group>"; };
		5B0743112A4C19AE008F4C3D /* MoodAppDebug.entitlements */ = {isa = PBXFileReference; lastKnownFileType = text.plist.entitlements; path = MoodAppDebug.entitlements; sourceTree = "<group>"; };
		5B0743122A4C19BE008F4C3D /* IntentsHandler.entitlements */ = {isa = PBXFileReference; lastKnownFileType = text.plist.entitlements; path = IntentsHandler.entitlements; sourceTree = "<group>"; };
		5B0743132A4C19C3008F4C3D /* IntentsHandlerUI.entitlements */ = {isa = PBXFileReference; lastKnownFileType = text.plist.entitlements; path = IntentsHandlerUI.entitlements; sourceTree = "<group>"; };
		5BCF3EB72A56B62C0004F4A4 /* LookBackTestViewController.swift */ = {isa = PBXFileReference; lastKnownFileType = sourcecode.swift; path = LookBackTestViewController.swift; sourceTree = "<group>"; };
		5BCF3EB92A5AE4C30004F4A4 /* FaceDetectionManager.swift */ = {isa = PBXFileReference; lastKnownFileType = sourcecode.swift; path = FaceDetectionManager.swift; sourceTree = "<group>"; };
		5BCF3EBB2A5AEB030004F4A4 /* Vision.framework */ = {isa = PBXFileReference; lastKnownFileType = wrapper.framework; name = Vision.framework; path = System/Library/Frameworks/Vision.framework; sourceTree = SDKROOT; };
		5BCF3EC72A5BB5110004F4A4 /* PersonalInfo+CoreDataClass.swift */ = {isa = PBXFileReference; lastKnownFileType = sourcecode.swift; path = "PersonalInfo+CoreDataClass.swift"; sourceTree = SOURCE_ROOT; };
		5BCF3EC82A5BB5110004F4A4 /* PersonalInfo+CoreDataProperties.swift */ = {isa = PBXFileReference; lastKnownFileType = sourcecode.swift; path = "PersonalInfo+CoreDataProperties.swift"; sourceTree = SOURCE_ROOT; };
		5BCF3ECF2A5BDA750004F4A4 /* LaunchViewController.swift */ = {isa = PBXFileReference; lastKnownFileType = sourcecode.swift; path = LaunchViewController.swift; sourceTree = "<group>"; };
		5BCF3ED52A5FAE880004F4A4 /* UILabel+Extension.swift */ = {isa = PBXFileReference; lastKnownFileType = sourcecode.swift; path = "UILabel+Extension.swift"; sourceTree = "<group>"; };
		5BD4D77E2A4E92BC009E8E89 /* PopUpMonthView.swift */ = {isa = PBXFileReference; lastKnownFileType = sourcecode.swift; path = PopUpMonthView.swift; sourceTree = "<group>"; };
		5BD4D7802A4EC466009E8E89 /* PopUpCell.swift */ = {isa = PBXFileReference; lastKnownFileType = sourcecode.swift; path = PopUpCell.swift; sourceTree = "<group>"; };
		5BD4D78A2A526773009E8E89 /* zh-Hant */ = {isa = PBXFileReference; lastKnownFileType = text.plist.strings; name = "zh-Hant"; path = "zh-Hant.lproj/Main.strings"; sourceTree = "<group>"; };
		5BD4D78B2A526774009E8E89 /* zh-Hant */ = {isa = PBXFileReference; lastKnownFileType = text.plist.strings; name = "zh-Hant"; path = "zh-Hant.lproj/LaunchScreen.strings"; sourceTree = "<group>"; };
		5BD4D78C2A526774009E8E89 /* zh-Hant */ = {isa = PBXFileReference; lastKnownFileType = text.plist.strings; name = "zh-Hant"; path = "zh-Hant.lproj/MainInterface.strings"; sourceTree = "<group>"; };
		5BD4D7902A526891009E8E89 /* en */ = {isa = PBXFileReference; lastKnownFileType = text.plist.strings; name = en; path = en.lproj/Localizable.strings; sourceTree = "<group>"; };
		5BD4D7922A5268AE009E8E89 /* zh-Hant */ = {isa = PBXFileReference; lastKnownFileType = text.plist.strings; name = "zh-Hant"; path = "zh-Hant.lproj/Localizable.strings"; sourceTree = "<group>"; };
		5BD4D7932A52BE03009E8E89 /* LocalizeUtils.swift */ = {isa = PBXFileReference; lastKnownFileType = sourcecode.swift; path = LocalizeUtils.swift; sourceTree = "<group>"; };
		5BD4D79F2A540289009E8E89 /* ContainerView.swift */ = {isa = PBXFileReference; lastKnownFileType = sourcecode.swift; path = ContainerView.swift; sourceTree = "<group>"; };
		5BD4D7B42A556C12009E8E89 /* LoginContentView.swift */ = {isa = PBXFileReference; lastKnownFileType = sourcecode.swift; path = LoginContentView.swift; sourceTree = "<group>"; };
		71D0CDE8FC8EAF1A3D7DE044 /* Pods-MoodApp.debug.xcconfig */ = {isa = PBXFileReference; includeInIndex = 1; lastKnownFileType = text.xcconfig; name = "Pods-MoodApp.debug.xcconfig"; path = "Target Support Files/Pods-MoodApp/Pods-MoodApp.debug.xcconfig"; sourceTree = "<group>"; };
		99C541F7E4586F3CCEA0A91B /* Pods-IntentsHandler.debug.xcconfig */ = {isa = PBXFileReference; includeInIndex = 1; lastKnownFileType = text.xcconfig; name = "Pods-IntentsHandler.debug.xcconfig"; path = "Target Support Files/Pods-IntentsHandler/Pods-IntentsHandler.debug.xcconfig"; sourceTree = "<group>"; };
		9B4F6E2D7AB1713D2F9253EE /* Pods_MoodApp.framework */ = {isa = PBXFileReference; explicitFileType = wrapper.framework; includeInIndex = 0; path = Pods_MoodApp.framework; sourceTree = BUILT_PRODUCTS_DIR; };
		CA0A45F6B523BC2A73B48C0E /* Pods-MoodApp.release.xcconfig */ = {isa = PBXFileReference; includeInIndex = 1; lastKnownFileType = text.xcconfig; name = "Pods-MoodApp.release.xcconfig"; path = "Target Support Files/Pods-MoodApp/Pods-MoodApp.release.xcconfig"; sourceTree = "<group>"; };
		DF34C052038DBFAF323EBE9D /* Pods-IntentsHandlerUI.debug.xcconfig */ = {isa = PBXFileReference; includeInIndex = 1; lastKnownFileType = text.xcconfig; name = "Pods-IntentsHandlerUI.debug.xcconfig"; path = "Target Support Files/Pods-IntentsHandlerUI/Pods-IntentsHandlerUI.debug.xcconfig"; sourceTree = "<group>"; };
		E7A13CE12175C2FDB027BA56 /* Pods_IntentsHandler.framework */ = {isa = PBXFileReference; explicitFileType = wrapper.framework; includeInIndex = 0; path = Pods_IntentsHandler.framework; sourceTree = BUILT_PRODUCTS_DIR; };
/* End PBXFileReference section */

/* Begin PBXFrameworksBuildPhase section */
		5B0742342A39AC71008F4C3D /* Frameworks */ = {
			isa = PBXFrameworksBuildPhase;
			buildActionMask = 2147483647;
			files = (
				5BCF3EBC2A5AEB030004F4A4 /* Vision.framework in Frameworks */,
				1D1BADD61E57A214DB052DC6 /* Pods_MoodApp.framework in Frameworks */,
			);
			runOnlyForDeploymentPostprocessing = 0;
		};
		5B0742852A4811BA008F4C3D /* Frameworks */ = {
			isa = PBXFrameworksBuildPhase;
			buildActionMask = 2147483647;
			files = (
				5B07428A2A4811BB008F4C3D /* Intents.framework in Frameworks */,
				F2BF18FFFFFB557E610637D7 /* Pods_IntentsHandler.framework in Frameworks */,
			);
			runOnlyForDeploymentPostprocessing = 0;
		};
		5B0742902A4811BB008F4C3D /* Frameworks */ = {
			isa = PBXFrameworksBuildPhase;
			buildActionMask = 2147483647;
			files = (
				5B0742952A4811BB008F4C3D /* IntentsUI.framework in Frameworks */,
				ABDA7EE79C834A0F9A58A805 /* Pods_IntentsHandlerUI.framework in Frameworks */,
			);
			runOnlyForDeploymentPostprocessing = 0;
		};
/* End PBXFrameworksBuildPhase section */

/* Begin PBXGroup section */
		38D8090ABE8BE34934B58152 /* Frameworks */ = {
			isa = PBXGroup;
			children = (
				5BCF3EBB2A5AEB030004F4A4 /* Vision.framework */,
				5B0742DC2A4878E9008F4C3D /* FirebaseFirestore.framework */,
				5B0742DA2A4878DA008F4C3D /* FirebaseFirestore.framework */,
				5B0742D82A4878C9008F4C3D /* FirebaseStorage.framework */,
				9B4F6E2D7AB1713D2F9253EE /* Pods_MoodApp.framework */,
				5B0742892A4811BB008F4C3D /* Intents.framework */,
				5B0742942A4811BB008F4C3D /* IntentsUI.framework */,
				E7A13CE12175C2FDB027BA56 /* Pods_IntentsHandler.framework */,
				28760191C60BCCE33663AF9D /* Pods_IntentsHandlerUI.framework */,
			);
			name = Frameworks;
			sourceTree = "<group>";
		};
		5B07422E2A39AC71008F4C3D = {
			isa = PBXGroup;
			children = (
				5B0742392A39AC71008F4C3D /* MoodApp */,
				5B07428B2A4811BB008F4C3D /* IntentsHandler */,
				5B0742962A4811BB008F4C3D /* IntentsHandlerUI */,
				5B0742382A39AC71008F4C3D /* Products */,
				D94C7DEF15C338EDC4255E4F /* Pods */,
				38D8090ABE8BE34934B58152 /* Frameworks */,
			);
			sourceTree = "<group>";
		};
		5B0742382A39AC71008F4C3D /* Products */ = {
			isa = PBXGroup;
			children = (
				5B0742372A39AC71008F4C3D /* MoodApp.app */,
				5B0742882A4811BB008F4C3D /* IntentsHandler.appex */,
				5B0742932A4811BB008F4C3D /* IntentsHandlerUI.appex */,
			);
			name = Products;
			sourceTree = "<group>";
		};
		5B0742392A39AC71008F4C3D /* MoodApp */ = {
			isa = PBXGroup;
			children = (
				5B0743112A4C19AE008F4C3D /* MoodAppDebug.entitlements */,
				5B0743102A4C0256008F4C3D /* MoodAppRelease.entitlements */,
				5B0742ED2A4AADED008F4C3D /* StorageManager */,
				5B07426A2A3EC554008F4C3D /* Manager */,
				5B0742672A3EC32D008F4C3D /* Model */,
				5B0742532A3AACFD008F4C3D /* Extensions */,
				5B0742522A3AA885008F4C3D /* ViewController */,
				5B07423A2A39AC71008F4C3D /* AppDelegate.swift */,
				5B07423C2A39AC71008F4C3D /* SceneDelegate.swift */,
				5B0742402A39AC71008F4C3D /* Main.storyboard */,
				5B0742432A39AC72008F4C3D /* Assets.xcassets */,
				5B0742452A39AC72008F4C3D /* LaunchScreen.storyboard */,
				5B0742652A3EBD62008F4C3D /* GoogleService-Info.plist */,
				5B0742482A39AC72008F4C3D /* Info.plist */,
				5B0743052A4B2404008F4C3D /* PersonalInfoModel.xcdatamodeld */,
				5BD4D7912A526891009E8E89 /* Localizable.strings */,
			);
			path = MoodApp;
			sourceTree = "<group>";
		};
		5B0742522A3AA885008F4C3D /* ViewController */ = {
			isa = PBXGroup;
			children = (
				5B07426D2A3EFD66008F4C3D /* View */,
				5B07425A2A3C1DFE008F4C3D /* Cell */,
				5B0742E62A49D19A008F4C3D /* LoginPageViewController.swift */,
				5BCF3EB72A56B62C0004F4A4 /* LookBackTestViewController.swift */,
				5B0742502A3AA87E008F4C3D /* TabBarViewController.swift */,
				5B07423E2A39AC71008F4C3D /* HomeViewController.swift */,
				5B0742722A41876C008F4C3D /* StatisticsViewController.swift */,
				5B0742582A3C0ED8008F4C3D /* NewPageViewController.swift */,
				5B0742782A42A943008F4C3D /* LookBackViewController.swift */,
				5B07427A2A42B79C008F4C3D /* SettingsViewController.swift */,
				5B0742E82A49E493008F4C3D /* PasswordViewController.swift */,
				5BCF3ECF2A5BDA750004F4A4 /* LaunchViewController.swift */,
			);
			path = ViewController;
			sourceTree = "<group>";
		};
		5B0742532A3AACFD008F4C3D /* Extensions */ = {
			isa = PBXGroup;
			children = (
				5B0742542A3AAD2A008F4C3D /* UIColor+Extension.swift */,
				5B0742562A3AAD44008F4C3D /* UIFont+Extension.swift */,
				5B07427E2A440715008F4C3D /* KingFisherWrapper.swift */,
				5BCF3ED52A5FAE880004F4A4 /* UILabel+Extension.swift */,
			);
			path = Extensions;
			sourceTree = "<group>";
		};
		5B07425A2A3C1DFE008F4C3D /* Cell */ = {
			isa = PBXGroup;
			children = (
				5B07425B2A3C1E12008F4C3D /* NewPageCell.swift */,
				5B07425D2A3C69C9008F4C3D /* NewPagePhotoCell.swift */,
				5B0742742A419C6E008F4C3D /* MoodFlowCell.swift */,
				5B0742762A419CAD008F4C3D /* SleepAnalysisCell.swift */,
				5B07427C2A42D6D6008F4C3D /* SettingsCell.swift */,
				5BD4D7802A4EC466009E8E89 /* PopUpCell.swift */,
			);
			path = Cell;
			sourceTree = "<group>";
		};
		5B0742672A3EC32D008F4C3D /* Model */ = {
			isa = PBXGroup;
			children = (
				5B0742682A3EC348008F4C3D /* Articles.swift */,
			);
			path = Model;
			sourceTree = "<group>";
		};
		5B07426A2A3EC554008F4C3D /* Manager */ = {
			isa = PBXGroup;
			children = (
				5B07426B2A3EC5AF008F4C3D /* FireStoreManager.swift */,
				5B0742702A3F4259008F4C3D /* FireBaseStorageManager.swift */,
				5BD4D7932A52BE03009E8E89 /* LocalizeUtils.swift */,
				5BCF3EB92A5AE4C30004F4A4 /* FaceDetectionManager.swift */,
			);
			path = Manager;
			sourceTree = "<group>";
		};
		5B07426D2A3EFD66008F4C3D /* View */ = {
			isa = PBXGroup;
			children = (
				5B07426E2A3EFD72008F4C3D /* SleepContentView.swift */,
				5B0742802A4455F8008F4C3D /* MoodContentView.swift */,
				5B0742822A45EE7E008F4C3D /* SleepBarChartView.swift */,
				5BD4D77E2A4E92BC009E8E89 /* PopUpMonthView.swift */,
				5BD4D79F2A540289009E8E89 /* ContainerView.swift */,
				5BD4D7B42A556C12009E8E89 /* LoginContentView.swift */,
			);
			path = View;
			sourceTree = "<group>";
		};
		5B07428B2A4811BB008F4C3D /* IntentsHandler */ = {
			isa = PBXGroup;
			children = (
				5B0743122A4C19BE008F4C3D /* IntentsHandler.entitlements */,
				5B0742AA2A481822008F4C3D /* SiriIntents.intentdefinition */,
				5B07428C2A4811BB008F4C3D /* IntentHandler.swift */,
				5B0742AC2A481E6F008F4C3D /* RecordMoodIntentHandler.swift */,
				5B07428E2A4811BB008F4C3D /* Info.plist */,
				5B0742D02A487611008F4C3D /* IntentsFireStoreManager.swift */,
				5B0742D42A4876E0008F4C3D /* IntentsArticles.swift */,
			);
			path = IntentsHandler;
			sourceTree = "<group>";
		};
		5B0742962A4811BB008F4C3D /* IntentsHandlerUI */ = {
			isa = PBXGroup;
			children = (
				5B0743132A4C19C3008F4C3D /* IntentsHandlerUI.entitlements */,
				5B0742972A4811BB008F4C3D /* IntentViewController.swift */,
				5B0742992A4811BB008F4C3D /* MainInterface.storyboard */,
				5B07429C2A4811BB008F4C3D /* Info.plist */,
				5B0742D22A4876C3008F4C3D /* IntentsUIFireStoreManager.swift */,
				5B0742D62A4876FD008F4C3D /* IntentsUIArticles.swift */,
			);
			path = IntentsHandlerUI;
			sourceTree = "<group>";
		};
		5B0742ED2A4AADED008F4C3D /* StorageManager */ = {
			isa = PBXGroup;
			children = (
				5BCF3EC72A5BB5110004F4A4 /* PersonalInfo+CoreDataClass.swift */,
				5BCF3EC82A5BB5110004F4A4 /* PersonalInfo+CoreDataProperties.swift */,
				5B0742FF2A4AB0D7008F4C3D /* StorageManager.swift */,
			);
			name = StorageManager;
			path = ../StorageManager;
			sourceTree = "<group>";
		};
		D94C7DEF15C338EDC4255E4F /* Pods */ = {
			isa = PBXGroup;
			children = (
				71D0CDE8FC8EAF1A3D7DE044 /* Pods-MoodApp.debug.xcconfig */,
				CA0A45F6B523BC2A73B48C0E /* Pods-MoodApp.release.xcconfig */,
				99C541F7E4586F3CCEA0A91B /* Pods-IntentsHandler.debug.xcconfig */,
				3FB99FA6B73753DC3DD34465 /* Pods-IntentsHandler.release.xcconfig */,
				DF34C052038DBFAF323EBE9D /* Pods-IntentsHandlerUI.debug.xcconfig */,
				074EFFC73DDBEAA4F8CAE989 /* Pods-IntentsHandlerUI.release.xcconfig */,
			);
			path = Pods;
			sourceTree = "<group>";
		};
/* End PBXGroup section */

/* Begin PBXNativeTarget section */
		5B0742362A39AC71008F4C3D /* MoodApp */ = {
			isa = PBXNativeTarget;
			buildConfigurationList = 5B07424B2A39AC72008F4C3D /* Build configuration list for PBXNativeTarget "MoodApp" */;
			buildPhases = (
				95C9945BCBC2F8903331CA19 /* [CP] Check Pods Manifest.lock */,
				5B0742332A39AC71008F4C3D /* Sources */,
				5B0742342A39AC71008F4C3D /* Frameworks */,
				5B0742352A39AC71008F4C3D /* Resources */,
				719C3880AF951705BEF1CF50 /* [CP] Embed Pods Frameworks */,
				5B07424F2A39F6C9008F4C3D /* ShellScript */,
				5B0742A32A4811BB008F4C3D /* Embed Foundation Extensions */,
			);
			buildRules = (
			);
			dependencies = (
				5B07429E2A4811BB008F4C3D /* PBXTargetDependency */,
				5B0742A12A4811BB008F4C3D /* PBXTargetDependency */,
			);
			name = MoodApp;
			productName = MoodApp;
			productReference = 5B0742372A39AC71008F4C3D /* MoodApp.app */;
			productType = "com.apple.product-type.application";
		};
		5B0742872A4811BA008F4C3D /* IntentsHandler */ = {
			isa = PBXNativeTarget;
			buildConfigurationList = 5B0742A92A4811BB008F4C3D /* Build configuration list for PBXNativeTarget "IntentsHandler" */;
			buildPhases = (
				BACFA167A8BDFEF48EE20156 /* [CP] Check Pods Manifest.lock */,
				5B0742842A4811BA008F4C3D /* Sources */,
				5B0742852A4811BA008F4C3D /* Frameworks */,
				5B0742862A4811BA008F4C3D /* Resources */,
			);
			buildRules = (
			);
			dependencies = (
			);
			name = IntentsHandler;
			productName = IntentsHandler;
			productReference = 5B0742882A4811BB008F4C3D /* IntentsHandler.appex */;
			productType = "com.apple.product-type.app-extension";
		};
		5B0742922A4811BB008F4C3D /* IntentsHandlerUI */ = {
			isa = PBXNativeTarget;
			buildConfigurationList = 5B0742A82A4811BB008F4C3D /* Build configuration list for PBXNativeTarget "IntentsHandlerUI" */;
			buildPhases = (
				5696FC75F4221374E1F54C39 /* [CP] Check Pods Manifest.lock */,
				5B07428F2A4811BB008F4C3D /* Sources */,
				5B0742902A4811BB008F4C3D /* Frameworks */,
				5B0742912A4811BB008F4C3D /* Resources */,
			);
			buildRules = (
			);
			dependencies = (
			);
			name = IntentsHandlerUI;
			productName = IntentsHandlerUI;
			productReference = 5B0742932A4811BB008F4C3D /* IntentsHandlerUI.appex */;
			productType = "com.apple.product-type.app-extension";
		};
/* End PBXNativeTarget section */

/* Begin PBXProject section */
		5B07422F2A39AC71008F4C3D /* Project object */ = {
			isa = PBXProject;
			attributes = {
				BuildIndependentTargetsInParallel = 1;
				LastSwiftUpdateCheck = 1420;
				LastUpgradeCheck = 1420;
				TargetAttributes = {
					5B0742362A39AC71008F4C3D = {
						CreatedOnToolsVersion = 14.2;
					};
					5B0742872A4811BA008F4C3D = {
						CreatedOnToolsVersion = 14.2;
					};
					5B0742922A4811BB008F4C3D = {
						CreatedOnToolsVersion = 14.2;
					};
				};
			};
			buildConfigurationList = 5B0742322A39AC71008F4C3D /* Build configuration list for PBXProject "MoodApp" */;
			compatibilityVersion = "Xcode 14.0";
			developmentRegion = en;
			hasScannedForEncodings = 0;
			knownRegions = (
				en,
				Base,
				"zh-Hant",
			);
			mainGroup = 5B07422E2A39AC71008F4C3D;
			productRefGroup = 5B0742382A39AC71008F4C3D /* Products */;
			projectDirPath = "";
			projectRoot = "";
			targets = (
				5B0742362A39AC71008F4C3D /* MoodApp */,
				5B0742872A4811BA008F4C3D /* IntentsHandler */,
				5B0742922A4811BB008F4C3D /* IntentsHandlerUI */,
			);
		};
/* End PBXProject section */

/* Begin PBXResourcesBuildPhase section */
		5B0742352A39AC71008F4C3D /* Resources */ = {
			isa = PBXResourcesBuildPhase;
			buildActionMask = 2147483647;
			files = (
				5BD4D78F2A526891009E8E89 /* Localizable.strings in Resources */,
				5B0742472A39AC72008F4C3D /* LaunchScreen.storyboard in Resources */,
				5B0742442A39AC72008F4C3D /* Assets.xcassets in Resources */,
				5B0742662A3EBD62008F4C3D /* GoogleService-Info.plist in Resources */,
				5B0742422A39AC71008F4C3D /* Main.storyboard in Resources */,
			);
			runOnlyForDeploymentPostprocessing = 0;
		};
		5B0742862A4811BA008F4C3D /* Resources */ = {
			isa = PBXResourcesBuildPhase;
			buildActionMask = 2147483647;
			files = (
				5B07430E2A4B6AA5008F4C3D /* GoogleService-Info.plist in Resources */,
			);
			runOnlyForDeploymentPostprocessing = 0;
		};
		5B0742912A4811BB008F4C3D /* Resources */ = {
			isa = PBXResourcesBuildPhase;
			buildActionMask = 2147483647;
			files = (
				5B07430F2A4B6AAF008F4C3D /* GoogleService-Info.plist in Resources */,
				5B07429B2A4811BB008F4C3D /* MainInterface.storyboard in Resources */,
			);
			runOnlyForDeploymentPostprocessing = 0;
		};
/* End PBXResourcesBuildPhase section */

/* Begin PBXShellScriptBuildPhase section */
		5696FC75F4221374E1F54C39 /* [CP] Check Pods Manifest.lock */ = {
			isa = PBXShellScriptBuildPhase;
			buildActionMask = 2147483647;
			files = (
			);
			inputFileListPaths = (
			);
			inputPaths = (
				"${PODS_PODFILE_DIR_PATH}/Podfile.lock",
				"${PODS_ROOT}/Manifest.lock",
			);
			name = "[CP] Check Pods Manifest.lock";
			outputFileListPaths = (
			);
			outputPaths = (
				"$(DERIVED_FILE_DIR)/Pods-IntentsHandlerUI-checkManifestLockResult.txt",
			);
			runOnlyForDeploymentPostprocessing = 0;
			shellPath = /bin/sh;
			shellScript = "diff \"${PODS_PODFILE_DIR_PATH}/Podfile.lock\" \"${PODS_ROOT}/Manifest.lock\" > /dev/null\nif [ $? != 0 ] ; then\n    # print error to STDERR\n    echo \"error: The sandbox is not in sync with the Podfile.lock. Run 'pod install' or update your CocoaPods installation.\" >&2\n    exit 1\nfi\n# This output is used by Xcode 'outputs' to avoid re-running this script phase.\necho \"SUCCESS\" > \"${SCRIPT_OUTPUT_FILE_0}\"\n";
			showEnvVarsInLog = 0;
		};
		5B07424F2A39F6C9008F4C3D /* ShellScript */ = {
			isa = PBXShellScriptBuildPhase;
			buildActionMask = 2147483647;
			files = (
			);
			inputFileListPaths = (
			);
			inputPaths = (
				"${DWARF_DSYM_FOLDER_PATH}/${DWARF_DSYM_FILE_NAME}/Contents/Resources/DWARF/${TARGET_NAME}",
				"$(SRCROOT)/$(BUILT_PRODUCTS_DIR)/$(INFOPLIST_PATH)",
			);
			outputFileListPaths = (
			);
			outputPaths = (
			);
			runOnlyForDeploymentPostprocessing = 0;
			shellPath = /bin/sh;
			shellScript = "# Type a script or drag a script file from your workspace to insert its path.\n\"${PODS_ROOT}/SwiftLint/swiftlint\"\n\"${PODS_ROOT}/FirebaseCrashlytics/run\"\n";
		};
		719C3880AF951705BEF1CF50 /* [CP] Embed Pods Frameworks */ = {
			isa = PBXShellScriptBuildPhase;
			buildActionMask = 2147483647;
			files = (
			);
			inputFileListPaths = (
				"${PODS_ROOT}/Target Support Files/Pods-MoodApp/Pods-MoodApp-frameworks-${CONFIGURATION}-input-files.xcfilelist",
			);
			name = "[CP] Embed Pods Frameworks";
			outputFileListPaths = (
				"${PODS_ROOT}/Target Support Files/Pods-MoodApp/Pods-MoodApp-frameworks-${CONFIGURATION}-output-files.xcfilelist",
			);
			runOnlyForDeploymentPostprocessing = 0;
			shellPath = /bin/sh;
			shellScript = "\"${PODS_ROOT}/Target Support Files/Pods-MoodApp/Pods-MoodApp-frameworks.sh\"\n";
			showEnvVarsInLog = 0;
		};
		95C9945BCBC2F8903331CA19 /* [CP] Check Pods Manifest.lock */ = {
			isa = PBXShellScriptBuildPhase;
			buildActionMask = 2147483647;
			files = (
			);
			inputFileListPaths = (
			);
			inputPaths = (
				"${PODS_PODFILE_DIR_PATH}/Podfile.lock",
				"${PODS_ROOT}/Manifest.lock",
			);
			name = "[CP] Check Pods Manifest.lock";
			outputFileListPaths = (
			);
			outputPaths = (
				"$(DERIVED_FILE_DIR)/Pods-MoodApp-checkManifestLockResult.txt",
			);
			runOnlyForDeploymentPostprocessing = 0;
			shellPath = /bin/sh;
			shellScript = "diff \"${PODS_PODFILE_DIR_PATH}/Podfile.lock\" \"${PODS_ROOT}/Manifest.lock\" > /dev/null\nif [ $? != 0 ] ; then\n    # print error to STDERR\n    echo \"error: The sandbox is not in sync with the Podfile.lock. Run 'pod install' or update your CocoaPods installation.\" >&2\n    exit 1\nfi\n# This output is used by Xcode 'outputs' to avoid re-running this script phase.\necho \"SUCCESS\" > \"${SCRIPT_OUTPUT_FILE_0}\"\n";
			showEnvVarsInLog = 0;
		};
		BACFA167A8BDFEF48EE20156 /* [CP] Check Pods Manifest.lock */ = {
			isa = PBXShellScriptBuildPhase;
			buildActionMask = 2147483647;
			files = (
			);
			inputFileListPaths = (
			);
			inputPaths = (
				"${PODS_PODFILE_DIR_PATH}/Podfile.lock",
				"${PODS_ROOT}/Manifest.lock",
			);
			name = "[CP] Check Pods Manifest.lock";
			outputFileListPaths = (
			);
			outputPaths = (
				"$(DERIVED_FILE_DIR)/Pods-IntentsHandler-checkManifestLockResult.txt",
			);
			runOnlyForDeploymentPostprocessing = 0;
			shellPath = /bin/sh;
			shellScript = "diff \"${PODS_PODFILE_DIR_PATH}/Podfile.lock\" \"${PODS_ROOT}/Manifest.lock\" > /dev/null\nif [ $? != 0 ] ; then\n    # print error to STDERR\n    echo \"error: The sandbox is not in sync with the Podfile.lock. Run 'pod install' or update your CocoaPods installation.\" >&2\n    exit 1\nfi\n# This output is used by Xcode 'outputs' to avoid re-running this script phase.\necho \"SUCCESS\" > \"${SCRIPT_OUTPUT_FILE_0}\"\n";
			showEnvVarsInLog = 0;
		};
/* End PBXShellScriptBuildPhase section */

/* Begin PBXSourcesBuildPhase section */
		5B0742332A39AC71008F4C3D /* Sources */ = {
			isa = PBXSourcesBuildPhase;
			buildActionMask = 2147483647;
			files = (
				5B0742592A3C0ED8008F4C3D /* NewPageViewController.swift in Sources */,
				5B0742AB2A481823008F4C3D /* SiriIntents.intentdefinition in Sources */,
				5B0742812A4455F8008F4C3D /* MoodContentView.swift in Sources */,
				5BD4D7942A52BE03009E8E89 /* LocalizeUtils.swift in Sources */,
				5B0742572A3AAD44008F4C3D /* UIFont+Extension.swift in Sources */,
				5BD4D7812A4EC466009E8E89 /* PopUpCell.swift in Sources */,
				5BD4D77F2A4E92BC009E8E89 /* PopUpMonthView.swift in Sources */,
				5B0742792A42A944008F4C3D /* LookBackViewController.swift in Sources */,
				5B0742AD2A481E6F008F4C3D /* RecordMoodIntentHandler.swift in Sources */,
				5B0742512A3AA87E008F4C3D /* TabBarViewController.swift in Sources */,
				5B07426C2A3EC5AF008F4C3D /* FireStoreManager.swift in Sources */,
				5BCF3ED62A5FAE880004F4A4 /* UILabel+Extension.swift in Sources */,
				5BCF3ECA2A5BB5110004F4A4 /* PersonalInfo+CoreDataProperties.swift in Sources */,
				5B07427B2A42B79C008F4C3D /* SettingsViewController.swift in Sources */,
				5BCF3ED02A5BDA750004F4A4 /* LaunchViewController.swift in Sources */,
				5BCF3EB82A56B62C0004F4A4 /* LookBackTestViewController.swift in Sources */,
				5B07427F2A440715008F4C3D /* KingFisherWrapper.swift in Sources */,
				5BCF3EC92A5BB5110004F4A4 /* PersonalInfo+CoreDataClass.swift in Sources */,
				5B0742752A419C6E008F4C3D /* MoodFlowCell.swift in Sources */,
				5B07425C2A3C1E12008F4C3D /* NewPageCell.swift in Sources */,
				5B0742832A45EE7E008F4C3D /* SleepBarChartView.swift in Sources */,
				5BCF3EBA2A5AE4C30004F4A4 /* FaceDetectionManager.swift in Sources */,
				5B0742732A41876C008F4C3D /* StatisticsViewController.swift in Sources */,
				5B07423F2A39AC71008F4C3D /* HomeViewController.swift in Sources */,
				5B07423B2A39AC71008F4C3D /* AppDelegate.swift in Sources */,
				5B0742E92A49E493008F4C3D /* PasswordViewController.swift in Sources */,
				5B0742E72A49D19A008F4C3D /* LoginPageViewController.swift in Sources */,
				5B0742772A419CAD008F4C3D /* SleepAnalysisCell.swift in Sources */,
				5B07425E2A3C69C9008F4C3D /* NewPagePhotoCell.swift in Sources */,
				5B07427D2A42D6D6008F4C3D /* SettingsCell.swift in Sources */,
				5B07423D2A39AC71008F4C3D /* SceneDelegate.swift in Sources */,
				5BD4D7A02A540289009E8E89 /* ContainerView.swift in Sources */,
				5B0742712A3F4259008F4C3D /* FireBaseStorageManager.swift in Sources */,
				5B07426F2A3EFD72008F4C3D /* SleepContentView.swift in Sources */,
				5B0743072A4B2404008F4C3D /* PersonalInfoModel.xcdatamodeld in Sources */,
				5B0743002A4AB0D7008F4C3D /* StorageManager.swift in Sources */,
				5B0742692A3EC348008F4C3D /* Articles.swift in Sources */,
				5BD4D7B52A556C12009E8E89 /* LoginContentView.swift in Sources */,
				5B0742552A3AAD2A008F4C3D /* UIColor+Extension.swift in Sources */,
			);
			runOnlyForDeploymentPostprocessing = 0;
		};
		5B0742842A4811BA008F4C3D /* Sources */ = {
			isa = PBXSourcesBuildPhase;
			buildActionMask = 2147483647;
			files = (
				5B0742E42A487C8D008F4C3D /* Articles.swift in Sources */,
				5B0742E22A487C7F008F4C3D /* FireStoreManager.swift in Sources */,
				5B07428D2A4811BB008F4C3D /* IntentHandler.swift in Sources */,
				5B0742B02A4825C3008F4C3D /* RecordMoodIntentHandler.swift in Sources */,
				5BD4D7AF2A546C6E009E8E89 /* PersonalInfoModel.xcdatamodeld in Sources */,
				5B0742D52A4876E0008F4C3D /* IntentsArticles.swift in Sources */,
				5B0742AE2A4824E6008F4C3D /* SiriIntents.intentdefinition in Sources */,
				5BCF3ECB2A5BBA2D0004F4A4 /* PersonalInfo+CoreDataProperties.swift in Sources */,
				5BD4D7AD2A546BBB009E8E89 /* StorageManager.swift in Sources */,
				5B0742D12A487611008F4C3D /* IntentsFireStoreManager.swift in Sources */,
				5BCF3ECD2A5BBA300004F4A4 /* PersonalInfo+CoreDataClass.swift in Sources */,
			);
			runOnlyForDeploymentPostprocessing = 0;
		};
		5B07428F2A4811BB008F4C3D /* Sources */ = {
			isa = PBXSourcesBuildPhase;
			buildActionMask = 2147483647;
			files = (
				5B0742E52A487C8E008F4C3D /* Articles.swift in Sources */,
				5B0742E32A487C80008F4C3D /* FireStoreManager.swift in Sources */,
				5B0742982A4811BB008F4C3D /* IntentViewController.swift in Sources */,
				5B0742B12A4825C3008F4C3D /* RecordMoodIntentHandler.swift in Sources */,
				5BD4D7B02A546C6E009E8E89 /* PersonalInfoModel.xcdatamodeld in Sources */,
				5B0742AF2A4824E6008F4C3D /* SiriIntents.intentdefinition in Sources */,
				5B0742D32A4876C3008F4C3D /* IntentsUIFireStoreManager.swift in Sources */,
				5BCF3ECC2A5BBA2D0004F4A4 /* PersonalInfo+CoreDataProperties.swift in Sources */,
				5BD4D7AE2A546BBC009E8E89 /* StorageManager.swift in Sources */,
				5B0742D72A4876FD008F4C3D /* IntentsUIArticles.swift in Sources */,
				5BCF3ECE2A5BBA310004F4A4 /* PersonalInfo+CoreDataClass.swift in Sources */,
			);
			runOnlyForDeploymentPostprocessing = 0;
		};
/* End PBXSourcesBuildPhase section */

/* Begin PBXTargetDependency section */
		5B07429E2A4811BB008F4C3D /* PBXTargetDependency */ = {
			isa = PBXTargetDependency;
			target = 5B0742922A4811BB008F4C3D /* IntentsHandlerUI */;
			targetProxy = 5B07429D2A4811BB008F4C3D /* PBXContainerItemProxy */;
		};
		5B0742A12A4811BB008F4C3D /* PBXTargetDependency */ = {
			isa = PBXTargetDependency;
			target = 5B0742872A4811BA008F4C3D /* IntentsHandler */;
			targetProxy = 5B0742A02A4811BB008F4C3D /* PBXContainerItemProxy */;
		};
/* End PBXTargetDependency section */

/* Begin PBXVariantGroup section */
		5B0742402A39AC71008F4C3D /* Main.storyboard */ = {
			isa = PBXVariantGroup;
			children = (
				5B0742412A39AC71008F4C3D /* Base */,
				5BD4D78A2A526773009E8E89 /* zh-Hant */,
			);
			name = Main.storyboard;
			sourceTree = "<group>";
		};
		5B0742452A39AC72008F4C3D /* LaunchScreen.storyboard */ = {
			isa = PBXVariantGroup;
			children = (
				5B0742462A39AC72008F4C3D /* Base */,
				5BD4D78B2A526774009E8E89 /* zh-Hant */,
			);
			name = LaunchScreen.storyboard;
			sourceTree = "<group>";
		};
		5B0742992A4811BB008F4C3D /* MainInterface.storyboard */ = {
			isa = PBXVariantGroup;
			children = (
				5B07429A2A4811BB008F4C3D /* Base */,
				5BD4D78C2A526774009E8E89 /* zh-Hant */,
			);
			name = MainInterface.storyboard;
			sourceTree = "<group>";
		};
		5BD4D7912A526891009E8E89 /* Localizable.strings */ = {
			isa = PBXVariantGroup;
			children = (
				5BD4D7902A526891009E8E89 /* en */,
				5BD4D7922A5268AE009E8E89 /* zh-Hant */,
			);
			name = Localizable.strings;
			sourceTree = "<group>";
		};
/* End PBXVariantGroup section */

/* Begin XCBuildConfiguration section */
		5B0742492A39AC72008F4C3D /* Debug */ = {
			isa = XCBuildConfiguration;
			buildSettings = {
				ALWAYS_SEARCH_USER_PATHS = NO;
				CLANG_ANALYZER_LOCALIZABILITY_NONLOCALIZED = YES;
				CLANG_ANALYZER_NONNULL = YES;
				CLANG_ANALYZER_NUMBER_OBJECT_CONVERSION = YES_AGGRESSIVE;
				CLANG_CXX_LANGUAGE_STANDARD = "gnu++20";
				CLANG_ENABLE_MODULES = YES;
				CLANG_ENABLE_OBJC_ARC = YES;
				CLANG_ENABLE_OBJC_WEAK = YES;
				CLANG_WARN_BLOCK_CAPTURE_AUTORELEASING = YES;
				CLANG_WARN_BOOL_CONVERSION = YES;
				CLANG_WARN_COMMA = YES;
				CLANG_WARN_CONSTANT_CONVERSION = YES;
				CLANG_WARN_DEPRECATED_OBJC_IMPLEMENTATIONS = YES;
				CLANG_WARN_DIRECT_OBJC_ISA_USAGE = YES_ERROR;
				CLANG_WARN_DOCUMENTATION_COMMENTS = YES;
				CLANG_WARN_EMPTY_BODY = YES;
				CLANG_WARN_ENUM_CONVERSION = YES;
				CLANG_WARN_INFINITE_RECURSION = YES;
				CLANG_WARN_INT_CONVERSION = YES;
				CLANG_WARN_NON_LITERAL_NULL_CONVERSION = YES;
				CLANG_WARN_OBJC_IMPLICIT_RETAIN_SELF = YES;
				CLANG_WARN_OBJC_LITERAL_CONVERSION = YES;
				CLANG_WARN_OBJC_ROOT_CLASS = YES_ERROR;
				CLANG_WARN_QUOTED_INCLUDE_IN_FRAMEWORK_HEADER = YES;
				CLANG_WARN_RANGE_LOOP_ANALYSIS = YES;
				CLANG_WARN_STRICT_PROTOTYPES = YES;
				CLANG_WARN_SUSPICIOUS_MOVE = YES;
				CLANG_WARN_UNGUARDED_AVAILABILITY = YES_AGGRESSIVE;
				CLANG_WARN_UNREACHABLE_CODE = YES;
				CLANG_WARN__DUPLICATE_METHOD_MATCH = YES;
				COPY_PHASE_STRIP = NO;
				DEBUG_INFORMATION_FORMAT = "dwarf-with-dsym";
				ENABLE_STRICT_OBJC_MSGSEND = YES;
				ENABLE_TESTABILITY = YES;
				GCC_C_LANGUAGE_STANDARD = gnu11;
				GCC_DYNAMIC_NO_PIC = NO;
				GCC_NO_COMMON_BLOCKS = YES;
				GCC_OPTIMIZATION_LEVEL = 0;
				GCC_PREPROCESSOR_DEFINITIONS = (
					"DEBUG=1",
					"$(inherited)",
				);
				GCC_WARN_64_TO_32_BIT_CONVERSION = YES;
				GCC_WARN_ABOUT_RETURN_TYPE = YES_ERROR;
				GCC_WARN_UNDECLARED_SELECTOR = YES;
				GCC_WARN_UNINITIALIZED_AUTOS = YES_AGGRESSIVE;
				GCC_WARN_UNUSED_FUNCTION = YES;
				GCC_WARN_UNUSED_VARIABLE = YES;
				IPHONEOS_DEPLOYMENT_TARGET = 16.0;
				MTL_ENABLE_DEBUG_INFO = INCLUDE_SOURCE;
				MTL_FAST_MATH = YES;
				ONLY_ACTIVE_ARCH = YES;
				SDKROOT = iphoneos;
				SWIFT_ACTIVE_COMPILATION_CONDITIONS = DEBUG;
				SWIFT_OPTIMIZATION_LEVEL = "-Onone";
			};
			name = Debug;
		};
		5B07424A2A39AC72008F4C3D /* Release */ = {
			isa = XCBuildConfiguration;
			buildSettings = {
				ALWAYS_SEARCH_USER_PATHS = NO;
				CLANG_ANALYZER_LOCALIZABILITY_NONLOCALIZED = YES;
				CLANG_ANALYZER_NONNULL = YES;
				CLANG_ANALYZER_NUMBER_OBJECT_CONVERSION = YES_AGGRESSIVE;
				CLANG_CXX_LANGUAGE_STANDARD = "gnu++20";
				CLANG_ENABLE_MODULES = YES;
				CLANG_ENABLE_OBJC_ARC = YES;
				CLANG_ENABLE_OBJC_WEAK = YES;
				CLANG_WARN_BLOCK_CAPTURE_AUTORELEASING = YES;
				CLANG_WARN_BOOL_CONVERSION = YES;
				CLANG_WARN_COMMA = YES;
				CLANG_WARN_CONSTANT_CONVERSION = YES;
				CLANG_WARN_DEPRECATED_OBJC_IMPLEMENTATIONS = YES;
				CLANG_WARN_DIRECT_OBJC_ISA_USAGE = YES_ERROR;
				CLANG_WARN_DOCUMENTATION_COMMENTS = YES;
				CLANG_WARN_EMPTY_BODY = YES;
				CLANG_WARN_ENUM_CONVERSION = YES;
				CLANG_WARN_INFINITE_RECURSION = YES;
				CLANG_WARN_INT_CONVERSION = YES;
				CLANG_WARN_NON_LITERAL_NULL_CONVERSION = YES;
				CLANG_WARN_OBJC_IMPLICIT_RETAIN_SELF = YES;
				CLANG_WARN_OBJC_LITERAL_CONVERSION = YES;
				CLANG_WARN_OBJC_ROOT_CLASS = YES_ERROR;
				CLANG_WARN_QUOTED_INCLUDE_IN_FRAMEWORK_HEADER = YES;
				CLANG_WARN_RANGE_LOOP_ANALYSIS = YES;
				CLANG_WARN_STRICT_PROTOTYPES = YES;
				CLANG_WARN_SUSPICIOUS_MOVE = YES;
				CLANG_WARN_UNGUARDED_AVAILABILITY = YES_AGGRESSIVE;
				CLANG_WARN_UNREACHABLE_CODE = YES;
				CLANG_WARN__DUPLICATE_METHOD_MATCH = YES;
				COPY_PHASE_STRIP = NO;
				DEBUG_INFORMATION_FORMAT = "dwarf-with-dsym";
				ENABLE_NS_ASSERTIONS = NO;
				ENABLE_STRICT_OBJC_MSGSEND = YES;
				GCC_C_LANGUAGE_STANDARD = gnu11;
				GCC_NO_COMMON_BLOCKS = YES;
				GCC_WARN_64_TO_32_BIT_CONVERSION = YES;
				GCC_WARN_ABOUT_RETURN_TYPE = YES_ERROR;
				GCC_WARN_UNDECLARED_SELECTOR = YES;
				GCC_WARN_UNINITIALIZED_AUTOS = YES_AGGRESSIVE;
				GCC_WARN_UNUSED_FUNCTION = YES;
				GCC_WARN_UNUSED_VARIABLE = YES;
				IPHONEOS_DEPLOYMENT_TARGET = 16.0;
				MTL_ENABLE_DEBUG_INFO = NO;
				MTL_FAST_MATH = YES;
				SDKROOT = iphoneos;
				SWIFT_COMPILATION_MODE = wholemodule;
				SWIFT_OPTIMIZATION_LEVEL = "-O";
				VALIDATE_PRODUCT = YES;
			};
			name = Release;
		};
		5B07424C2A39AC72008F4C3D /* Debug */ = {
			isa = XCBuildConfiguration;
			baseConfigurationReference = 71D0CDE8FC8EAF1A3D7DE044 /* Pods-MoodApp.debug.xcconfig */;
			buildSettings = {
				ALWAYS_EMBED_SWIFT_STANDARD_LIBRARIES = YES;
				ASSETCATALOG_COMPILER_APPICON_NAME = AppIcon;
				ASSETCATALOG_COMPILER_GLOBAL_ACCENT_COLOR_NAME = AccentColor;
				CODE_SIGN_ENTITLEMENTS = MoodApp/MoodAppDebug.entitlements;
				CODE_SIGN_STYLE = Automatic;
				CURRENT_PROJECT_VERSION = 1;
				DEBUG_INFORMATION_FORMAT = "dwarf-with-dsym";
				DEVELOPMENT_TEAM = 86Q9XSU8XB;
				GENERATE_INFOPLIST_FILE = YES;
				INFOPLIST_FILE = MoodApp/Info.plist;
				INFOPLIST_KEY_NSCameraUsageDescription = "Required for front camera access";
				INFOPLIST_KEY_NSPhotoLibraryUsageDescription = "PHPhotoLibrary相簿權限";
				INFOPLIST_KEY_UIApplicationSupportsIndirectInputEvents = YES;
				INFOPLIST_KEY_UILaunchStoryboardName = LaunchScreen;
				INFOPLIST_KEY_UIRequiresFullScreen = YES;
				INFOPLIST_KEY_UISupportedInterfaceOrientations = UIInterfaceOrientationPortrait;
				INFOPLIST_KEY_UISupportedInterfaceOrientations_iPad = "UIInterfaceOrientationLandscapeLeft UIInterfaceOrientationLandscapeRight UIInterfaceOrientationPortrait UIInterfaceOrientationPortraitUpsideDown";
				INFOPLIST_KEY_UIUserInterfaceStyle = Light;
				IPHONEOS_DEPLOYMENT_TARGET = 16.0;
				LD_RUNPATH_SEARCH_PATHS = (
					"$(inherited)",
					"@executable_path/Frameworks",
				);
				MARKETING_VERSION = 1.1;
				NEW_SETTING = "";
				NEW_SETTING1 = "";
				PRODUCT_BUNDLE_IDENTIFIER = Janet.MoodApp;
				PRODUCT_NAME = "$(TARGET_NAME)";
				SWIFT_EMIT_LOC_STRINGS = YES;
				SWIFT_VERSION = 5.0;
				TARGETED_DEVICE_FAMILY = "1,2";
			};
			name = Debug;
		};
		5B07424D2A39AC72008F4C3D /* Release */ = {
			isa = XCBuildConfiguration;
			baseConfigurationReference = CA0A45F6B523BC2A73B48C0E /* Pods-MoodApp.release.xcconfig */;
			buildSettings = {
				ALWAYS_EMBED_SWIFT_STANDARD_LIBRARIES = YES;
				ASSETCATALOG_COMPILER_APPICON_NAME = AppIcon;
				ASSETCATALOG_COMPILER_GLOBAL_ACCENT_COLOR_NAME = AccentColor;
				CODE_SIGN_ENTITLEMENTS = MoodApp/MoodAppRelease.entitlements;
				CODE_SIGN_IDENTITY = "Apple Development";
				CODE_SIGN_STYLE = Automatic;
				CURRENT_PROJECT_VERSION = 1;
				DEVELOPMENT_TEAM = 86Q9XSU8XB;
				GENERATE_INFOPLIST_FILE = YES;
				INFOPLIST_FILE = MoodApp/Info.plist;
				INFOPLIST_KEY_NSCameraUsageDescription = "Required for front camera access";
				INFOPLIST_KEY_NSPhotoLibraryUsageDescription = "PHPhotoLibrary相簿權限";
				INFOPLIST_KEY_UIApplicationSupportsIndirectInputEvents = YES;
				INFOPLIST_KEY_UILaunchStoryboardName = LaunchScreen;
				INFOPLIST_KEY_UIRequiresFullScreen = YES;
				INFOPLIST_KEY_UISupportedInterfaceOrientations = UIInterfaceOrientationPortrait;
				INFOPLIST_KEY_UISupportedInterfaceOrientations_iPad = "UIInterfaceOrientationLandscapeLeft UIInterfaceOrientationLandscapeRight UIInterfaceOrientationPortrait UIInterfaceOrientationPortraitUpsideDown";
				INFOPLIST_KEY_UIUserInterfaceStyle = Light;
				IPHONEOS_DEPLOYMENT_TARGET = 16.0;
				LD_RUNPATH_SEARCH_PATHS = (
					"$(inherited)",
					"@executable_path/Frameworks",
				);
				MARKETING_VERSION = 1.1;
				NEW_SETTING = "";
				NEW_SETTING1 = "";
				PRODUCT_BUNDLE_IDENTIFIER = Janet.MoodApp;
				PRODUCT_NAME = "$(TARGET_NAME)";
				PROVISIONING_PROFILE_SPECIFIER = "";
				SWIFT_EMIT_LOC_STRINGS = YES;
				SWIFT_VERSION = 5.0;
				TARGETED_DEVICE_FAMILY = "1,2";
			};
			name = Release;
		};
		5B0742A42A4811BB008F4C3D /* Debug */ = {
			isa = XCBuildConfiguration;
			baseConfigurationReference = 99C541F7E4586F3CCEA0A91B /* Pods-IntentsHandler.debug.xcconfig */;
			buildSettings = {
				CODE_SIGN_ENTITLEMENTS = IntentsHandler/IntentsHandler.entitlements;
				CODE_SIGN_STYLE = Automatic;
				CURRENT_PROJECT_VERSION = 1;
				DEVELOPMENT_TEAM = 86Q9XSU8XB;
				GENERATE_INFOPLIST_FILE = YES;
				INFOPLIST_FILE = IntentsHandler/Info.plist;
				INFOPLIST_KEY_CFBundleDisplayName = IntentsHandler;
				INFOPLIST_KEY_NSHumanReadableCopyright = "";
				LD_RUNPATH_SEARCH_PATHS = (
					"$(inherited)",
					"@executable_path/Frameworks",
					"@executable_path/../../Frameworks",
				);
				MARKETING_VERSION = 1.0;
				PRODUCT_BUNDLE_IDENTIFIER = Janet.MoodApp.IntentsHandler;
				PRODUCT_NAME = "$(TARGET_NAME)";
				SKIP_INSTALL = YES;
				SWIFT_EMIT_LOC_STRINGS = YES;
				SWIFT_VERSION = 5.0;
				TARGETED_DEVICE_FAMILY = "1,2";
			};
			name = Debug;
		};
		5B0742A52A4811BB008F4C3D /* Release */ = {
			isa = XCBuildConfiguration;
			baseConfigurationReference = 3FB99FA6B73753DC3DD34465 /* Pods-IntentsHandler.release.xcconfig */;
			buildSettings = {
				CODE_SIGN_ENTITLEMENTS = IntentsHandler/IntentsHandler.entitlements;
				CODE_SIGN_IDENTITY = "Apple Development";
				CODE_SIGN_STYLE = Automatic;
				CURRENT_PROJECT_VERSION = 1;
				DEVELOPMENT_TEAM = 86Q9XSU8XB;
				GENERATE_INFOPLIST_FILE = YES;
				INFOPLIST_FILE = IntentsHandler/Info.plist;
				INFOPLIST_KEY_CFBundleDisplayName = IntentsHandler;
				INFOPLIST_KEY_NSHumanReadableCopyright = "";
				LD_RUNPATH_SEARCH_PATHS = (
					"$(inherited)",
					"@executable_path/Frameworks",
					"@executable_path/../../Frameworks",
				);
				MARKETING_VERSION = 1.0;
				PRODUCT_BUNDLE_IDENTIFIER = Janet.MoodApp.IntentsHandler;
				PRODUCT_NAME = "$(TARGET_NAME)";
				SKIP_INSTALL = YES;
				SWIFT_EMIT_LOC_STRINGS = YES;
				SWIFT_VERSION = 5.0;
				TARGETED_DEVICE_FAMILY = "1,2";
			};
			name = Release;
		};
		5B0742A62A4811BB008F4C3D /* Debug */ = {
			isa = XCBuildConfiguration;
			baseConfigurationReference = DF34C052038DBFAF323EBE9D /* Pods-IntentsHandlerUI.debug.xcconfig */;
			buildSettings = {
				CODE_SIGN_ENTITLEMENTS = IntentsHandlerUI/IntentsHandlerUI.entitlements;
				CODE_SIGN_STYLE = Automatic;
				CURRENT_PROJECT_VERSION = 1;
				DEVELOPMENT_TEAM = 86Q9XSU8XB;
				GENERATE_INFOPLIST_FILE = YES;
				INFOPLIST_FILE = IntentsHandlerUI/Info.plist;
				INFOPLIST_KEY_CFBundleDisplayName = IntentsHandlerUI;
				INFOPLIST_KEY_NSHumanReadableCopyright = "";
				LD_RUNPATH_SEARCH_PATHS = (
					"$(inherited)",
					"@executable_path/Frameworks",
					"@executable_path/../../Frameworks",
				);
				MARKETING_VERSION = 1.0;
				PRODUCT_BUNDLE_IDENTIFIER = Janet.MoodApp.IntentsHandlerUI;
				PRODUCT_NAME = "$(TARGET_NAME)";
				SKIP_INSTALL = YES;
				SWIFT_EMIT_LOC_STRINGS = YES;
				SWIFT_VERSION = 5.0;
				TARGETED_DEVICE_FAMILY = "1,2";
			};
			name = Debug;
		};
		5B0742A72A4811BB008F4C3D /* Release */ = {
			isa = XCBuildConfiguration;
			baseConfigurationReference = 074EFFC73DDBEAA4F8CAE989 /* Pods-IntentsHandlerUI.release.xcconfig */;
			buildSettings = {
				CODE_SIGN_ENTITLEMENTS = IntentsHandlerUI/IntentsHandlerUI.entitlements;
				CODE_SIGN_IDENTITY = "Apple Development";
				CODE_SIGN_STYLE = Automatic;
				CURRENT_PROJECT_VERSION = 1;
				DEVELOPMENT_TEAM = 86Q9XSU8XB;
				GENERATE_INFOPLIST_FILE = YES;
				INFOPLIST_FILE = IntentsHandlerUI/Info.plist;
				INFOPLIST_KEY_CFBundleDisplayName = IntentsHandlerUI;
				INFOPLIST_KEY_NSHumanReadableCopyright = "";
				LD_RUNPATH_SEARCH_PATHS = (
					"$(inherited)",
					"@executable_path/Frameworks",
					"@executable_path/../../Frameworks",
				);
				MARKETING_VERSION = 1.0;
				PRODUCT_BUNDLE_IDENTIFIER = Janet.MoodApp.IntentsHandlerUI;
				PRODUCT_NAME = "$(TARGET_NAME)";
				SKIP_INSTALL = YES;
				SWIFT_EMIT_LOC_STRINGS = YES;
				SWIFT_VERSION = 5.0;
				TARGETED_DEVICE_FAMILY = "1,2";
			};
			name = Release;
		};
/* End XCBuildConfiguration section */

/* Begin XCConfigurationList section */
		5B0742322A39AC71008F4C3D /* Build configuration list for PBXProject "MoodApp" */ = {
			isa = XCConfigurationList;
			buildConfigurations = (
				5B0742492A39AC72008F4C3D /* Debug */,
				5B07424A2A39AC72008F4C3D /* Release */,
			);
			defaultConfigurationIsVisible = 0;
			defaultConfigurationName = Release;
		};
		5B07424B2A39AC72008F4C3D /* Build configuration list for PBXNativeTarget "MoodApp" */ = {
			isa = XCConfigurationList;
			buildConfigurations = (
				5B07424C2A39AC72008F4C3D /* Debug */,
				5B07424D2A39AC72008F4C3D /* Release */,
			);
			defaultConfigurationIsVisible = 0;
			defaultConfigurationName = Release;
		};
		5B0742A82A4811BB008F4C3D /* Build configuration list for PBXNativeTarget "IntentsHandlerUI" */ = {
			isa = XCConfigurationList;
			buildConfigurations = (
				5B0742A62A4811BB008F4C3D /* Debug */,
				5B0742A72A4811BB008F4C3D /* Release */,
			);
			defaultConfigurationIsVisible = 0;
			defaultConfigurationName = Release;
		};
		5B0742A92A4811BB008F4C3D /* Build configuration list for PBXNativeTarget "IntentsHandler" */ = {
			isa = XCConfigurationList;
			buildConfigurations = (
				5B0742A42A4811BB008F4C3D /* Debug */,
				5B0742A52A4811BB008F4C3D /* Release */,
			);
			defaultConfigurationIsVisible = 0;
			defaultConfigurationName = Release;
		};
/* End XCConfigurationList section */

/* Begin XCVersionGroup section */
		5B0743052A4B2404008F4C3D /* PersonalInfoModel.xcdatamodeld */ = {
			isa = XCVersionGroup;
			children = (
				5B0743062A4B2404008F4C3D /* PersonalInfoModel.xcdatamodel */,
			);
			currentVersion = 5B0743062A4B2404008F4C3D /* PersonalInfoModel.xcdatamodel */;
			path = PersonalInfoModel.xcdatamodeld;
			sourceTree = "<group>";
			versionGroupType = wrapper.xcdatamodel;
		};
/* End XCVersionGroup section */
	};
	rootObject = 5B07422F2A39AC71008F4C3D /* Project object */;
}
